// !$*UTF8*$!
{
	archiveVersion = 1;
	classes = {
	};
	objectVersion = 56;
	objects = {

/* Begin PBXBuildFile section */
		2F0AA8BC294B1A8600413753 /* FastTrackTests.swift in Sources */ = {isa = PBXBuildFile; fileRef = 2F0AA8BB294B1A8600413753 /* FastTrackTests.swift */; };
		2F0AA8C9294B1A8D00413753 /* FastTrackUITests.swift in Sources */ = {isa = PBXBuildFile; fileRef = 2F0AA8C8294B1A8D00413753 /* FastTrackUITests.swift */; };
		2F0AA8CB294B1A8D00413753 /* FastTrackUITestsLaunchTests.swift in Sources */ = {isa = PBXBuildFile; fileRef = 2F0AA8CA294B1A8D00413753 /* FastTrackUITestsLaunchTests.swift */; };
		2F1007CC291A00C8004CE72E /* AppMain.swift in Sources */ = {isa = PBXBuildFile; fileRef = 2F1007CB291A00C8004CE72E /* AppMain.swift */; };
		2F1007CE291A00C8004CE72E /* ContentView.swift in Sources */ = {isa = PBXBuildFile; fileRef = 2F1007CD291A00C8004CE72E /* ContentView.swift */; };
		2F1007D0291A00C9004CE72E /* Assets.xcassets in Resources */ = {isa = PBXBuildFile; fileRef = 2F1007CF291A00C9004CE72E /* Assets.xcassets */; };
		2F1007D4291A00C9004CE72E /* Preview Assets.xcassets in Resources */ = {isa = PBXBuildFile; fileRef = 2F1007D3291A00C9004CE72E /* Preview Assets.xcassets */; };
		2F1007DE291A0244004CE72E /* ActiveWeekScreen.swift in Sources */ = {isa = PBXBuildFile; fileRef = 2F1007DD291A0244004CE72E /* ActiveWeekScreen.swift */; };
		2F1007E0291A0249004CE72E /* AllWeeksScreen.swift in Sources */ = {isa = PBXBuildFile; fileRef = 2F1007DF291A0249004CE72E /* AllWeeksScreen.swift */; };
		2F1007E2291A024F004CE72E /* SettingsScreen.swift in Sources */ = {isa = PBXBuildFile; fileRef = 2F1007E1291A024F004CE72E /* SettingsScreen.swift */; };
		2F1007E6291A02D0004CE72E /* CoreDataProvider.swift in Sources */ = {isa = PBXBuildFile; fileRef = 2F1007E5291A02D0004CE72E /* CoreDataProvider.swift */; };
		2F1007E8291A02D6004CE72E /* CoreDataProvider+Extensions.swift in Sources */ = {isa = PBXBuildFile; fileRef = 2F1007E7291A02D6004CE72E /* CoreDataProvider+Extensions.swift */; };
		2F1007EB291A02DC004CE72E /* Entities.xcdatamodeld in Sources */ = {isa = PBXBuildFile; fileRef = 2F1007E9291A02DC004CE72E /* Entities.xcdatamodeld */; };
		2F1007EE291A03A5004CE72E /* FastLog+CoreDataClass.swift in Sources */ = {isa = PBXBuildFile; fileRef = 2F1007EC291A03A5004CE72E /* FastLog+CoreDataClass.swift */; };
		2F1007F1291A03F2004CE72E /* FastLog+Extensions.swift in Sources */ = {isa = PBXBuildFile; fileRef = 2F1007F0291A03F2004CE72E /* FastLog+Extensions.swift */; };
		2F1007F4291A0451004CE72E /* Date+Extensions.swift in Sources */ = {isa = PBXBuildFile; fileRef = 2F1007F3291A0451004CE72E /* Date+Extensions.swift */; };
		2F1007F6291A0464004CE72E /* Collection+Extensions.swift in Sources */ = {isa = PBXBuildFile; fileRef = 2F1007F5291A0464004CE72E /* Collection+Extensions.swift */; };
		2F1007F8291A047A004CE72E /* TimeInterval+Extensions.swift in Sources */ = {isa = PBXBuildFile; fileRef = 2F1007F7291A047A004CE72E /* TimeInterval+Extensions.swift */; };
		2F1007FA291A0484004CE72E /* URL+Extensions.swift in Sources */ = {isa = PBXBuildFile; fileRef = 2F1007F9291A0484004CE72E /* URL+Extensions.swift */; };
		2F1007FC291A06C9004CE72E /* FastLog+Preview.swift in Sources */ = {isa = PBXBuildFile; fileRef = 2F1007FB291A06C9004CE72E /* FastLog+Preview.swift */; };
		2F100804291A10CB004CE72E /* NSManagedObject+Extensions.swift in Sources */ = {isa = PBXBuildFile; fileRef = 2F100803291A10CB004CE72E /* NSManagedObject+Extensions.swift */; };
		2F100808291A1D50004CE72E /* DateFormatter+Extensions.swift in Sources */ = {isa = PBXBuildFile; fileRef = 2F100807291A1D50004CE72E /* DateFormatter+Extensions.swift */; };
		2F10080D291A3BCF004CE72E /* WeekDetailScreen.swift in Sources */ = {isa = PBXBuildFile; fileRef = 2F10080C291A3BCF004CE72E /* WeekDetailScreen.swift */; };
		2F100815291B5468004CE72E /* LogListRowView.swift in Sources */ = {isa = PBXBuildFile; fileRef = 2F100814291B5468004CE72E /* LogListRowView.swift */; };
		2F100818291BD0E2004CE72E /* ProgressMeterView.swift in Sources */ = {isa = PBXBuildFile; fileRef = 2F100817291BD0E2004CE72E /* ProgressMeterView.swift */; };
		2F10081A291BF084004CE72E /* Screen.swift in Sources */ = {isa = PBXBuildFile; fileRef = 2F100819291BF084004CE72E /* Screen.swift */; };
		2F10081C291BF760004CE72E /* View+Extensions.swift in Sources */ = {isa = PBXBuildFile; fileRef = 2F10081B291BF760004CE72E /* View+Extensions.swift */; };
		2F7B8743291CC9B0008E889C /* CustomSwipeView.swift in Sources */ = {isa = PBXBuildFile; fileRef = 2F7B8742291CC9B0008E889C /* CustomSwipeView.swift */; };
		2F7B8773291E4AF0008E889C /* SwipeableLogView.swift in Sources */ = {isa = PBXBuildFile; fileRef = 2F7B8772291E4AF0008E889C /* SwipeableLogView.swift */; };
		2F7B8775291E4B74008E889C /* Constants.swift in Sources */ = {isa = PBXBuildFile; fileRef = 2F7B8774291E4B74008E889C /* Constants.swift */; };
		2F7B8777291E4BED008E889C /* AboutSheet.swift in Sources */ = {isa = PBXBuildFile; fileRef = 2F7B8776291E4BED008E889C /* AboutSheet.swift */; };
		2F7B8779291E4BF3008E889C /* DeleteAllDataSheet.swift in Sources */ = {isa = PBXBuildFile; fileRef = 2F7B8778291E4BF3008E889C /* DeleteAllDataSheet.swift */; };
		2F7B877B291E4C37008E889C /* CustomLinkView.swift in Sources */ = {isa = PBXBuildFile; fileRef = 2F7B877A291E4C37008E889C /* CustomLinkView.swift */; };
		2F7B877D291FAA5B008E889C /* Double+Extensions.swift in Sources */ = {isa = PBXBuildFile; fileRef = 2F7B877C291FAA5B008E889C /* Double+Extensions.swift */; };
		2F7B877F291FAB99008E889C /* ActiveWeekLogListView.swift in Sources */ = {isa = PBXBuildFile; fileRef = 2F7B877E291FAB99008E889C /* ActiveWeekLogListView.swift */; };
		2F7B87952922B095008E889C /* UIApplication+Extensions.swift in Sources */ = {isa = PBXBuildFile; fileRef = 2F7B87942922B095008E889C /* UIApplication+Extensions.swift */; };
		2F7B879F292527F2008E889C /* ActiveLogView.swift in Sources */ = {isa = PBXBuildFile; fileRef = 2F7B879E292527F2008E889C /* ActiveLogView.swift */; };
		2F7B87A129253367008E889C /* LogListProgressMeterView.swift in Sources */ = {isa = PBXBuildFile; fileRef = 2F7B87A029253367008E889C /* LogListProgressMeterView.swift */; };
		2F7B87A529255E72008E889C /* AddManualLogSheet.swift in Sources */ = {isa = PBXBuildFile; fileRef = 2F7B87A429255E72008E889C /* AddManualLogSheet.swift */; };
		2F7B87A729256189008E889C /* DatePickerDisplayMode.swift in Sources */ = {isa = PBXBuildFile; fileRef = 2F7B87A629256189008E889C /* DatePickerDisplayMode.swift */; };
		2F7B87AB29259F1A008E889C /* CustomDatePicker.swift in Sources */ = {isa = PBXBuildFile; fileRef = 2F7B87AA29259F1A008E889C /* CustomDatePicker.swift */; };
		2F7B87BD2926D001008E889C /* WeeklyFastingHoursGoal.swift in Sources */ = {isa = PBXBuildFile; fileRef = 2F7B87BC2926D001008E889C /* WeeklyFastingHoursGoal.swift */; };
		2F7B87BF2926E4F0008E889C /* SetWeeklyGoalView.swift in Sources */ = {isa = PBXBuildFile; fileRef = 2F7B87BE2926E4F0008E889C /* SetWeeklyGoalView.swift */; };
		2F7B87C22927F7B7008E889C /* FastLogIntents.swift in Sources */ = {isa = PBXBuildFile; fileRef = 2F7B87C12927F7B7008E889C /* FastLogIntents.swift */; };
		2F7B87C42927FAAC008E889C /* CustomErrors.swift in Sources */ = {isa = PBXBuildFile; fileRef = 2F7B87C32927FAAC008E889C /* CustomErrors.swift */; };
		2F7B87D129280589008E889C /* AppShortcuts.swift in Sources */ = {isa = PBXBuildFile; fileRef = 2F7B87D029280589008E889C /* AppShortcuts.swift */; };
		2F8D2A09293FF744002AA901 /* Preview Assets.xcassets in Resources */ = {isa = PBXBuildFile; fileRef = 2F8D2A08293FF744002AA901 /* Preview Assets.xcassets */; };
		2F8D2A0C293FF744002AA901 /* FastTrack Watch App.app in Embed Watch Content */ = {isa = PBXBuildFile; fileRef = 2F8D29FF293FF743002AA901 /* FastTrack Watch App.app */; settings = {ATTRIBUTES = (RemoveHeadersOnCopy, ); }; };
		2F8D2A13293FF780002AA901 /* ContentView.swift in Sources */ = {isa = PBXBuildFile; fileRef = 2F8D2A12293FF780002AA901 /* ContentView.swift */; };
		2F8D2A15293FF7AE002AA901 /* WeeklyFastingHoursGoal.swift in Sources */ = {isa = PBXBuildFile; fileRef = 2F7B87BC2926D001008E889C /* WeeklyFastingHoursGoal.swift */; };
		2F8D2A17293FF7C6002AA901 /* Constants.swift in Sources */ = {isa = PBXBuildFile; fileRef = 2F7B8774291E4B74008E889C /* Constants.swift */; };
		2F8D2A1A294011C6002AA901 /* WatchConnector.swift in Sources */ = {isa = PBXBuildFile; fileRef = 2F8D2A19294011C6002AA901 /* WatchConnector.swift */; };
		2F8D2A1B294011C6002AA901 /* WatchConnector.swift in Sources */ = {isa = PBXBuildFile; fileRef = 2F8D2A19294011C6002AA901 /* WatchConnector.swift */; };
		2F8D2A1C29401CB8002AA901 /* ProgressMeterView.swift in Sources */ = {isa = PBXBuildFile; fileRef = 2FDBB28F293CB7ED00A8A2BF /* ProgressMeterView.swift */; };
		2F8D2A1D29401CFF002AA901 /* CoreDataProvider.swift in Sources */ = {isa = PBXBuildFile; fileRef = 2F1007E5291A02D0004CE72E /* CoreDataProvider.swift */; };
		2F8D2A1E29401CFF002AA901 /* CoreDataProvider+Extensions.swift in Sources */ = {isa = PBXBuildFile; fileRef = 2F1007E7291A02D6004CE72E /* CoreDataProvider+Extensions.swift */; };
		2F8D2A1F29401CFF002AA901 /* NSManagedObject+Extensions.swift in Sources */ = {isa = PBXBuildFile; fileRef = 2F100803291A10CB004CE72E /* NSManagedObject+Extensions.swift */; };
		2F8D2A2029401D01002AA901 /* Entities.xcdatamodeld in Sources */ = {isa = PBXBuildFile; fileRef = 2F1007E9291A02DC004CE72E /* Entities.xcdatamodeld */; };
		2F8D2A2129401D05002AA901 /* CustomErrors.swift in Sources */ = {isa = PBXBuildFile; fileRef = 2F7B87C32927FAAC008E889C /* CustomErrors.swift */; };
		2F8D2A2229401D05002AA901 /* FastLog+CoreDataClass.swift in Sources */ = {isa = PBXBuildFile; fileRef = 2F1007EC291A03A5004CE72E /* FastLog+CoreDataClass.swift */; };
		2F8D2A2329401D05002AA901 /* FastLog+Extensions.swift in Sources */ = {isa = PBXBuildFile; fileRef = 2F1007F0291A03F2004CE72E /* FastLog+Extensions.swift */; };
		2F8D2A2429401D05002AA901 /* FastLog+Preview.swift in Sources */ = {isa = PBXBuildFile; fileRef = 2F1007FB291A06C9004CE72E /* FastLog+Preview.swift */; };
		2F8D2A2629401D2C002AA901 /* ActiveLogView.swift in Sources */ = {isa = PBXBuildFile; fileRef = 2F7B879E292527F2008E889C /* ActiveLogView.swift */; };
		2F8D2A2729401D2C002AA901 /* SwipeableLogView.swift in Sources */ = {isa = PBXBuildFile; fileRef = 2F7B8772291E4AF0008E889C /* SwipeableLogView.swift */; };
		2F8D2A2E29401D75002AA901 /* URL+Extensions.swift in Sources */ = {isa = PBXBuildFile; fileRef = 2F1007F9291A0484004CE72E /* URL+Extensions.swift */; };
		2F8D2A2F29401D75002AA901 /* Date+Extensions.swift in Sources */ = {isa = PBXBuildFile; fileRef = 2F1007F3291A0451004CE72E /* Date+Extensions.swift */; };
		2F8D2A3029401D75002AA901 /* Collection+Extensions.swift in Sources */ = {isa = PBXBuildFile; fileRef = 2F1007F5291A0464004CE72E /* Collection+Extensions.swift */; };
		2F8D2A3129401D75002AA901 /* Calendar+Extensions.swift in Sources */ = {isa = PBXBuildFile; fileRef = 2FDBB255293B43E900A8A2BF /* Calendar+Extensions.swift */; };
		2F8D2A3229401D75002AA901 /* Double+Extensions.swift in Sources */ = {isa = PBXBuildFile; fileRef = 2F7B877C291FAA5B008E889C /* Double+Extensions.swift */; };
		2F8D2A3329401D75002AA901 /* TimeInterval+Extensions.swift in Sources */ = {isa = PBXBuildFile; fileRef = 2F1007F7291A047A004CE72E /* TimeInterval+Extensions.swift */; };
		2F8D2A3429401D75002AA901 /* DateFormatter+Extensions.swift in Sources */ = {isa = PBXBuildFile; fileRef = 2F100807291A1D50004CE72E /* DateFormatter+Extensions.swift */; };
		2F8D2A392940204B002AA901 /* AppMain.swift in Sources */ = {isa = PBXBuildFile; fileRef = 2F1007CB291A00C8004CE72E /* AppMain.swift */; };
		2F8D2A3A29402294002AA901 /* Assets.xcassets in Resources */ = {isa = PBXBuildFile; fileRef = 2F1007CF291A00C9004CE72E /* Assets.xcassets */; };
		2F8D2A4029410410002AA901 /* AppState.swift in Sources */ = {isa = PBXBuildFile; fileRef = 2FDBB25B293C8A8A00A8A2BF /* AppState.swift */; };
		2F9C12CF2945C199008440EE /* LogSectionedListRowView.swift in Sources */ = {isa = PBXBuildFile; fileRef = 2F9C12CE2945C199008440EE /* LogSectionedListRowView.swift */; };
		2F9C12D32945C7D7008440EE /* LogSectionedListView.swift in Sources */ = {isa = PBXBuildFile; fileRef = 2F9C12D22945C7D7008440EE /* LogSectionedListView.swift */; };
		2F9C12DF2947185D008440EE /* NavigationSplitViewVisibility+Extensions.swift in Sources */ = {isa = PBXBuildFile; fileRef = 2F9C12DE2947185D008440EE /* NavigationSplitViewVisibility+Extensions.swift */; };
		2FA949DC291BFE1400AF51FD /* SectionHeaderView.swift in Sources */ = {isa = PBXBuildFile; fileRef = 2FA949DB291BFE1400AF51FD /* SectionHeaderView.swift */; };
		2FA949DE291C9FE800AF51FD /* GradientButtonView.swift in Sources */ = {isa = PBXBuildFile; fileRef = 2FA949DD291C9FE800AF51FD /* GradientButtonView.swift */; };
		2FBDE30F295074F0000A7232 /* CloudUserDefaults.swift in Sources */ = {isa = PBXBuildFile; fileRef = 2FBDE30E295074F0000A7232 /* CloudUserDefaults.swift */; };
		2FBDE311295074F0000A7232 /* CloudUserDefaults.swift in Sources */ = {isa = PBXBuildFile; fileRef = 2FBDE30E295074F0000A7232 /* CloudUserDefaults.swift */; };
		2FBDE32629508027000A7232 /* Assets.xcassets in Resources */ = {isa = PBXBuildFile; fileRef = 2F1007CF291A00C9004CE72E /* Assets.xcassets */; };
		2FBDE327295081A1000A7232 /* MenuBarExtraView.swift in Sources */ = {isa = PBXBuildFile; fileRef = 2F9C12DC2946CDD3008440EE /* MenuBarExtraView.swift */; };
		2FBDE328295081A1000A7232 /* ContentView.swift in Sources */ = {isa = PBXBuildFile; fileRef = 2F8D2A7929410737002AA901 /* ContentView.swift */; };
		2FBDE329295081A1000A7232 /* AppMain.swift in Sources */ = {isa = PBXBuildFile; fileRef = 2F8D2A7729410737002AA901 /* AppMain.swift */; };
		2FBDE32B295081AC000A7232 /* DeleteButtonView.swift in Sources */ = {isa = PBXBuildFile; fileRef = 2F9C13EA29487328008440EE /* DeleteButtonView.swift */; };
		2FBDE32C295081AC000A7232 /* ActiveLogSectionView.swift in Sources */ = {isa = PBXBuildFile; fileRef = 2F9C12DA2946C594008440EE /* ActiveLogSectionView.swift */; };
		2FBDE32D295081AC000A7232 /* ActiveWeekScreen.swift in Sources */ = {isa = PBXBuildFile; fileRef = 2F8D2A8429412026002AA901 /* ActiveWeekScreen.swift */; };
		2FBDE32E295081AC000A7232 /* AllWeeksScreen.swift in Sources */ = {isa = PBXBuildFile; fileRef = 2F8D2A862941202B002AA901 /* AllWeeksScreen.swift */; };
		2FBDE32F295081AC000A7232 /* AddManualLogSheet.swift in Sources */ = {isa = PBXBuildFile; fileRef = 2F9C12FF294724C1008440EE /* AddManualLogSheet.swift */; };
		2FBDE330295081AF000A7232 /* SettingsScreen.swift in Sources */ = {isa = PBXBuildFile; fileRef = 2F8D2A8829412032002AA901 /* SettingsScreen.swift */; };
		2FBDE331295081AF000A7232 /* SettingsView.swift in Sources */ = {isa = PBXBuildFile; fileRef = 2F8D2A90294144E3002AA901 /* SettingsView.swift */; };
		2FBDE332295081BC000A7232 /* CoreDataProvider.swift in Sources */ = {isa = PBXBuildFile; fileRef = 2F1007E5291A02D0004CE72E /* CoreDataProvider.swift */; };
		2FBDE333295081BC000A7232 /* NSManagedObject+Extensions.swift in Sources */ = {isa = PBXBuildFile; fileRef = 2F100803291A10CB004CE72E /* NSManagedObject+Extensions.swift */; };
		2FBDE334295081BC000A7232 /* CoreDataProvider+Extensions.swift in Sources */ = {isa = PBXBuildFile; fileRef = 2F1007E7291A02D6004CE72E /* CoreDataProvider+Extensions.swift */; };
		2FBDE335295081BF000A7232 /* Entities.xcdatamodeld in Sources */ = {isa = PBXBuildFile; fileRef = 2F1007E9291A02DC004CE72E /* Entities.xcdatamodeld */; };
		2FBDE336295081C2000A7232 /* FastLog+Preview.swift in Sources */ = {isa = PBXBuildFile; fileRef = 2F1007FB291A06C9004CE72E /* FastLog+Preview.swift */; };
		2FBDE337295081C2000A7232 /* FastLog+Extensions.swift in Sources */ = {isa = PBXBuildFile; fileRef = 2F1007F0291A03F2004CE72E /* FastLog+Extensions.swift */; };
		2FBDE338295081C2000A7232 /* FastLog+CoreDataClass.swift in Sources */ = {isa = PBXBuildFile; fileRef = 2F1007EC291A03A5004CE72E /* FastLog+CoreDataClass.swift */; };
		2FBDE339295081C2000A7232 /* CustomErrors.swift in Sources */ = {isa = PBXBuildFile; fileRef = 2F7B87C32927FAAC008E889C /* CustomErrors.swift */; };
		2FBDE33A295081CC000A7232 /* Screen.swift in Sources */ = {isa = PBXBuildFile; fileRef = 2F100819291BF084004CE72E /* Screen.swift */; };
		2FBDE33B295081CC000A7232 /* WeeklyFastingHoursGoal.swift in Sources */ = {isa = PBXBuildFile; fileRef = 2F7B87BC2926D001008E889C /* WeeklyFastingHoursGoal.swift */; };
		2FBDE33C295081D3000A7232 /* DateFormatter+Extensions.swift in Sources */ = {isa = PBXBuildFile; fileRef = 2F100807291A1D50004CE72E /* DateFormatter+Extensions.swift */; };
		2FBDE33D295081D3000A7232 /* Date+Extensions.swift in Sources */ = {isa = PBXBuildFile; fileRef = 2F1007F3291A0451004CE72E /* Date+Extensions.swift */; };
		2FBDE33E295081D3000A7232 /* Calendar+Extensions.swift in Sources */ = {isa = PBXBuildFile; fileRef = 2FDBB255293B43E900A8A2BF /* Calendar+Extensions.swift */; };
		2FBDE33F295081D3000A7232 /* Collection+Extensions.swift in Sources */ = {isa = PBXBuildFile; fileRef = 2F1007F5291A0464004CE72E /* Collection+Extensions.swift */; };
		2FBDE340295081D3000A7232 /* Double+Extensions.swift in Sources */ = {isa = PBXBuildFile; fileRef = 2F7B877C291FAA5B008E889C /* Double+Extensions.swift */; };
		2FBDE341295081D9000A7232 /* URL+Extensions.swift in Sources */ = {isa = PBXBuildFile; fileRef = 2F1007F9291A0484004CE72E /* URL+Extensions.swift */; };
		2FBDE342295081D9000A7232 /* TimeInterval+Extensions.swift in Sources */ = {isa = PBXBuildFile; fileRef = 2F1007F7291A047A004CE72E /* TimeInterval+Extensions.swift */; };
		2FBDE343295081F2000A7232 /* Constants.swift in Sources */ = {isa = PBXBuildFile; fileRef = 2F7B8774291E4B74008E889C /* Constants.swift */; };
		2FBDE34429508208000A7232 /* SectionHeaderView.swift in Sources */ = {isa = PBXBuildFile; fileRef = 2FA949DB291BFE1400AF51FD /* SectionHeaderView.swift */; };
		2FBDE34529508208000A7232 /* ProgressMeterView.swift in Sources */ = {isa = PBXBuildFile; fileRef = 2F100817291BD0E2004CE72E /* ProgressMeterView.swift */; };
		2FBDE34629508217000A7232 /* ActiveLogView.swift in Sources */ = {isa = PBXBuildFile; fileRef = 2F7B879E292527F2008E889C /* ActiveLogView.swift */; };
		2FBDE34729508220000A7232 /* CloudUserDefaults.swift in Sources */ = {isa = PBXBuildFile; fileRef = 2FBDE30E295074F0000A7232 /* CloudUserDefaults.swift */; };
		2FBDE3482950822B000A7232 /* LogSectionedListRowView.swift in Sources */ = {isa = PBXBuildFile; fileRef = 2F9C12CE2945C199008440EE /* LogSectionedListRowView.swift */; };
		2FBDE3492950822B000A7232 /* LogSectionedListView.swift in Sources */ = {isa = PBXBuildFile; fileRef = 2F9C12D22945C7D7008440EE /* LogSectionedListView.swift */; };
		2FBDE34A29508231000A7232 /* LogListRowView.swift in Sources */ = {isa = PBXBuildFile; fileRef = 2F100814291B5468004CE72E /* LogListRowView.swift */; };
		2FBDE34B29508287000A7232 /* Credits.rtf in Resources */ = {isa = PBXBuildFile; fileRef = 2F8D2A922941452F002AA901 /* Credits.rtf */; };
		2FBDE34E2951C62D000A7232 /* ChangeWeeklyGoalView.swift in Sources */ = {isa = PBXBuildFile; fileRef = 2FBDE34D2951C62D000A7232 /* ChangeWeeklyGoalView.swift */; };
		2FDBB24E293A6B6F00A8A2BF /* Week+CoreDataClass.swift in Sources */ = {isa = PBXBuildFile; fileRef = 2FDBB24C293A6B6F00A8A2BF /* Week+CoreDataClass.swift */; };
		2FDBB253293A6BA600A8A2BF /* Week+Extensions.swift in Sources */ = {isa = PBXBuildFile; fileRef = 2FDBB252293A6BA600A8A2BF /* Week+Extensions.swift */; };
		2FDBB256293B43E900A8A2BF /* Calendar+Extensions.swift in Sources */ = {isa = PBXBuildFile; fileRef = 2FDBB255293B43E900A8A2BF /* Calendar+Extensions.swift */; };
		2FDBB259293B470E00A8A2BF /* EditLogSheet.swift in Sources */ = {isa = PBXBuildFile; fileRef = 2FDBB258293B470E00A8A2BF /* EditLogSheet.swift */; };
		2FDBB25C293C8A8A00A8A2BF /* AppState.swift in Sources */ = {isa = PBXBuildFile; fileRef = 2FDBB25B293C8A8A00A8A2BF /* AppState.swift */; };
/* End PBXBuildFile section */

/* Begin PBXContainerItemProxy section */
		2F0AA8BD294B1A8600413753 /* PBXContainerItemProxy */ = {
			isa = PBXContainerItemProxy;
			containerPortal = 2F1007C0291A00C8004CE72E /* Project object */;
			proxyType = 1;
			remoteGlobalIDString = 2F1007C7291A00C8004CE72E;
			remoteInfo = "FastTrack iOS App";
		};
		2F0AA8CC294B1A8D00413753 /* PBXContainerItemProxy */ = {
			isa = PBXContainerItemProxy;
			containerPortal = 2F1007C0291A00C8004CE72E /* Project object */;
			proxyType = 1;
			remoteGlobalIDString = 2F1007C7291A00C8004CE72E;
			remoteInfo = "FastTrack iOS App";
		};
		2F8D2A0A293FF744002AA901 /* PBXContainerItemProxy */ = {
			isa = PBXContainerItemProxy;
			containerPortal = 2F1007C0291A00C8004CE72E /* Project object */;
			proxyType = 1;
			remoteGlobalIDString = 2F8D29FE293FF743002AA901;
			remoteInfo = "FastTrack Watch App";
		};
/* End PBXContainerItemProxy section */

/* Begin PBXCopyFilesBuildPhase section */
		2F8D2A10293FF744002AA901 /* Embed Watch Content */ = {
			isa = PBXCopyFilesBuildPhase;
			buildActionMask = 2147483647;
			dstPath = "$(CONTENTS_FOLDER_PATH)/Watch";
			dstSubfolderSpec = 16;
			files = (
				2F8D2A0C293FF744002AA901 /* FastTrack Watch App.app in Embed Watch Content */,
			);
			name = "Embed Watch Content";
			runOnlyForDeploymentPostprocessing = 0;
		};
/* End PBXCopyFilesBuildPhase section */

/* Begin PBXFileReference section */
		2F0AA8B9294B1A8600413753 /* FastTrackTests.xctest */ = {isa = PBXFileReference; explicitFileType = wrapper.cfbundle; includeInIndex = 0; path = FastTrackTests.xctest; sourceTree = BUILT_PRODUCTS_DIR; };
		2F0AA8BB294B1A8600413753 /* FastTrackTests.swift */ = {isa = PBXFileReference; lastKnownFileType = sourcecode.swift; path = FastTrackTests.swift; sourceTree = "<group>"; };
		2F0AA8C6294B1A8D00413753 /* FastTrackUITests.xctest */ = {isa = PBXFileReference; explicitFileType = wrapper.cfbundle; includeInIndex = 0; path = FastTrackUITests.xctest; sourceTree = BUILT_PRODUCTS_DIR; };
		2F0AA8C8294B1A8D00413753 /* FastTrackUITests.swift */ = {isa = PBXFileReference; lastKnownFileType = sourcecode.swift; path = FastTrackUITests.swift; sourceTree = "<group>"; };
		2F0AA8CA294B1A8D00413753 /* FastTrackUITestsLaunchTests.swift */ = {isa = PBXFileReference; lastKnownFileType = sourcecode.swift; path = FastTrackUITestsLaunchTests.swift; sourceTree = "<group>"; };
		2F1007C8291A00C8004CE72E /* FastTrack.app */ = {isa = PBXFileReference; explicitFileType = wrapper.application; includeInIndex = 0; path = FastTrack.app; sourceTree = BUILT_PRODUCTS_DIR; };
		2F1007CB291A00C8004CE72E /* AppMain.swift */ = {isa = PBXFileReference; lastKnownFileType = sourcecode.swift; path = AppMain.swift; sourceTree = "<group>"; };
		2F1007CD291A00C8004CE72E /* ContentView.swift */ = {isa = PBXFileReference; lastKnownFileType = sourcecode.swift; path = ContentView.swift; sourceTree = "<group>"; };
		2F1007CF291A00C9004CE72E /* Assets.xcassets */ = {isa = PBXFileReference; lastKnownFileType = folder.assetcatalog; path = Assets.xcassets; sourceTree = "<group>"; };
		2F1007D1291A00C9004CE72E /* FastTrack iOS.entitlements */ = {isa = PBXFileReference; lastKnownFileType = text.plist.entitlements; path = "FastTrack iOS.entitlements"; sourceTree = "<group>"; };
		2F1007D3291A00C9004CE72E /* Preview Assets.xcassets */ = {isa = PBXFileReference; lastKnownFileType = folder.assetcatalog; path = "Preview Assets.xcassets"; sourceTree = "<group>"; };
		2F1007DD291A0244004CE72E /* ActiveWeekScreen.swift */ = {isa = PBXFileReference; lastKnownFileType = sourcecode.swift; path = ActiveWeekScreen.swift; sourceTree = "<group>"; };
		2F1007DF291A0249004CE72E /* AllWeeksScreen.swift */ = {isa = PBXFileReference; lastKnownFileType = sourcecode.swift; path = AllWeeksScreen.swift; sourceTree = "<group>"; };
		2F1007E1291A024F004CE72E /* SettingsScreen.swift */ = {isa = PBXFileReference; lastKnownFileType = sourcecode.swift; path = SettingsScreen.swift; sourceTree = "<group>"; };
		2F1007E5291A02D0004CE72E /* CoreDataProvider.swift */ = {isa = PBXFileReference; lastKnownFileType = sourcecode.swift; path = CoreDataProvider.swift; sourceTree = "<group>"; };
		2F1007E7291A02D6004CE72E /* CoreDataProvider+Extensions.swift */ = {isa = PBXFileReference; lastKnownFileType = sourcecode.swift; path = "CoreDataProvider+Extensions.swift"; sourceTree = "<group>"; };
		2F1007EA291A02DC004CE72E /* Entities.xcdatamodel */ = {isa = PBXFileReference; lastKnownFileType = wrapper.xcdatamodel; path = Entities.xcdatamodel; sourceTree = "<group>"; };
		2F1007EC291A03A5004CE72E /* FastLog+CoreDataClass.swift */ = {isa = PBXFileReference; lastKnownFileType = sourcecode.swift; path = "FastLog+CoreDataClass.swift"; sourceTree = "<group>"; };
		2F1007F0291A03F2004CE72E /* FastLog+Extensions.swift */ = {isa = PBXFileReference; lastKnownFileType = sourcecode.swift; path = "FastLog+Extensions.swift"; sourceTree = "<group>"; };
		2F1007F3291A0451004CE72E /* Date+Extensions.swift */ = {isa = PBXFileReference; lastKnownFileType = sourcecode.swift; path = "Date+Extensions.swift"; sourceTree = "<group>"; };
		2F1007F5291A0464004CE72E /* Collection+Extensions.swift */ = {isa = PBXFileReference; lastKnownFileType = sourcecode.swift; path = "Collection+Extensions.swift"; sourceTree = "<group>"; };
		2F1007F7291A047A004CE72E /* TimeInterval+Extensions.swift */ = {isa = PBXFileReference; lastKnownFileType = sourcecode.swift; path = "TimeInterval+Extensions.swift"; sourceTree = "<group>"; };
		2F1007F9291A0484004CE72E /* URL+Extensions.swift */ = {isa = PBXFileReference; lastKnownFileType = sourcecode.swift; path = "URL+Extensions.swift"; sourceTree = "<group>"; };
		2F1007FB291A06C9004CE72E /* FastLog+Preview.swift */ = {isa = PBXFileReference; lastKnownFileType = sourcecode.swift; path = "FastLog+Preview.swift"; sourceTree = "<group>"; };
		2F100803291A10CB004CE72E /* NSManagedObject+Extensions.swift */ = {isa = PBXFileReference; lastKnownFileType = sourcecode.swift; path = "NSManagedObject+Extensions.swift"; sourceTree = "<group>"; };
		2F100807291A1D50004CE72E /* DateFormatter+Extensions.swift */ = {isa = PBXFileReference; lastKnownFileType = sourcecode.swift; path = "DateFormatter+Extensions.swift"; sourceTree = "<group>"; };
		2F10080C291A3BCF004CE72E /* WeekDetailScreen.swift */ = {isa = PBXFileReference; lastKnownFileType = sourcecode.swift; path = WeekDetailScreen.swift; sourceTree = "<group>"; };
		2F100814291B5468004CE72E /* LogListRowView.swift */ = {isa = PBXFileReference; lastKnownFileType = sourcecode.swift; path = LogListRowView.swift; sourceTree = "<group>"; };
		2F100817291BD0E2004CE72E /* ProgressMeterView.swift */ = {isa = PBXFileReference; lastKnownFileType = sourcecode.swift; path = ProgressMeterView.swift; sourceTree = "<group>"; };
		2F100819291BF084004CE72E /* Screen.swift */ = {isa = PBXFileReference; lastKnownFileType = sourcecode.swift; path = Screen.swift; sourceTree = "<group>"; };
		2F10081B291BF760004CE72E /* View+Extensions.swift */ = {isa = PBXFileReference; lastKnownFileType = sourcecode.swift; path = "View+Extensions.swift"; sourceTree = "<group>"; };
		2F2009D1293E79FA0089EDBE /* FastTrack Widgets.entitlements */ = {isa = PBXFileReference; lastKnownFileType = text.plist.entitlements; path = "FastTrack Widgets.entitlements"; sourceTree = "<group>"; };
		2F2D105B294D857400A09971 /* FastTrackWidgetExtensionBundle.swift */ = {isa = PBXFileReference; lastKnownFileType = sourcecode.swift; path = FastTrackWidgetExtensionBundle.swift; sourceTree = "<group>"; };
		2F2D105D294D857400A09971 /* FastTrackWidget.swift */ = {isa = PBXFileReference; lastKnownFileType = sourcecode.swift; path = FastTrackWidget.swift; sourceTree = "<group>"; };
		2F2D105F294D857500A09971 /* Assets.xcassets */ = {isa = PBXFileReference; lastKnownFileType = folder.assetcatalog; path = Assets.xcassets; sourceTree = "<group>"; };
		2F2D1061294D857500A09971 /* Info.plist */ = {isa = PBXFileReference; lastKnownFileType = text.plist.xml; path = Info.plist; sourceTree = "<group>"; };
		2F2D1068294D86CE00A09971 /* FastTrack Widget Extension.entitlements */ = {isa = PBXFileReference; lastKnownFileType = text.plist.entitlements; path = "FastTrack Widget Extension.entitlements"; sourceTree = "<group>"; };
		2F2D107D294D8CD600A09971 /* WidgetProgressMeterView.swift */ = {isa = PBXFileReference; lastKnownFileType = sourcecode.swift; path = WidgetProgressMeterView.swift; sourceTree = "<group>"; };
		2F78B8822939FDCC0041427B /* Info.plist */ = {isa = PBXFileReference; lastKnownFileType = text.plist; path = Info.plist; sourceTree = "<group>"; };
		2F7B8742291CC9B0008E889C /* CustomSwipeView.swift */ = {isa = PBXFileReference; lastKnownFileType = sourcecode.swift; path = CustomSwipeView.swift; sourceTree = "<group>"; };
		2F7B8772291E4AF0008E889C /* SwipeableLogView.swift */ = {isa = PBXFileReference; lastKnownFileType = sourcecode.swift; path = SwipeableLogView.swift; sourceTree = "<group>"; };
		2F7B8774291E4B74008E889C /* Constants.swift */ = {isa = PBXFileReference; lastKnownFileType = sourcecode.swift; path = Constants.swift; sourceTree = "<group>"; };
		2F7B8776291E4BED008E889C /* AboutSheet.swift */ = {isa = PBXFileReference; lastKnownFileType = sourcecode.swift; path = AboutSheet.swift; sourceTree = "<group>"; };
		2F7B8778291E4BF3008E889C /* DeleteAllDataSheet.swift */ = {isa = PBXFileReference; lastKnownFileType = sourcecode.swift; path = DeleteAllDataSheet.swift; sourceTree = "<group>"; };
		2F7B877A291E4C37008E889C /* CustomLinkView.swift */ = {isa = PBXFileReference; lastKnownFileType = sourcecode.swift; path = CustomLinkView.swift; sourceTree = "<group>"; };
		2F7B877C291FAA5B008E889C /* Double+Extensions.swift */ = {isa = PBXFileReference; lastKnownFileType = sourcecode.swift; path = "Double+Extensions.swift"; sourceTree = "<group>"; };
		2F7B877E291FAB99008E889C /* ActiveWeekLogListView.swift */ = {isa = PBXFileReference; lastKnownFileType = sourcecode.swift; path = ActiveWeekLogListView.swift; sourceTree = "<group>"; };
		2F7B87942922B095008E889C /* UIApplication+Extensions.swift */ = {isa = PBXFileReference; lastKnownFileType = sourcecode.swift; path = "UIApplication+Extensions.swift"; sourceTree = "<group>"; };
		2F7B879E292527F2008E889C /* ActiveLogView.swift */ = {isa = PBXFileReference; lastKnownFileType = sourcecode.swift; path = ActiveLogView.swift; sourceTree = "<group>"; };
		2F7B87A029253367008E889C /* LogListProgressMeterView.swift */ = {isa = PBXFileReference; lastKnownFileType = sourcecode.swift; path = LogListProgressMeterView.swift; sourceTree = "<group>"; };
		2F7B87A429255E72008E889C /* AddManualLogSheet.swift */ = {isa = PBXFileReference; lastKnownFileType = sourcecode.swift; path = AddManualLogSheet.swift; sourceTree = "<group>"; };
		2F7B87A629256189008E889C /* DatePickerDisplayMode.swift */ = {isa = PBXFileReference; lastKnownFileType = sourcecode.swift; path = DatePickerDisplayMode.swift; sourceTree = "<group>"; };
		2F7B87AA29259F1A008E889C /* CustomDatePicker.swift */ = {isa = PBXFileReference; lastKnownFileType = sourcecode.swift; path = CustomDatePicker.swift; sourceTree = "<group>"; };
		2F7B87BC2926D001008E889C /* WeeklyFastingHoursGoal.swift */ = {isa = PBXFileReference; lastKnownFileType = sourcecode.swift; path = WeeklyFastingHoursGoal.swift; sourceTree = "<group>"; };
		2F7B87BE2926E4F0008E889C /* SetWeeklyGoalView.swift */ = {isa = PBXFileReference; lastKnownFileType = sourcecode.swift; path = SetWeeklyGoalView.swift; sourceTree = "<group>"; };
		2F7B87C12927F7B7008E889C /* FastLogIntents.swift */ = {isa = PBXFileReference; lastKnownFileType = sourcecode.swift; path = FastLogIntents.swift; sourceTree = "<group>"; };
		2F7B87C32927FAAC008E889C /* CustomErrors.swift */ = {isa = PBXFileReference; lastKnownFileType = sourcecode.swift; path = CustomErrors.swift; sourceTree = "<group>"; };
		2F7B87D029280589008E889C /* AppShortcuts.swift */ = {isa = PBXFileReference; lastKnownFileType = sourcecode.swift; path = AppShortcuts.swift; sourceTree = "<group>"; };
		2F8D29FF293FF743002AA901 /* FastTrack Watch App.app */ = {isa = PBXFileReference; explicitFileType = wrapper.application; includeInIndex = 0; path = "FastTrack Watch App.app"; sourceTree = BUILT_PRODUCTS_DIR; };
		2F8D2A08293FF744002AA901 /* Preview Assets.xcassets */ = {isa = PBXFileReference; lastKnownFileType = folder.assetcatalog; path = "Preview Assets.xcassets"; sourceTree = "<group>"; };
		2F8D2A12293FF780002AA901 /* ContentView.swift */ = {isa = PBXFileReference; lastKnownFileType = sourcecode.swift; path = ContentView.swift; sourceTree = "<group>"; };
		2F8D2A19294011C6002AA901 /* WatchConnector.swift */ = {isa = PBXFileReference; lastKnownFileType = sourcecode.swift; path = WatchConnector.swift; sourceTree = "<group>"; };
		2F8D2A3729401F82002AA901 /* FastTrack Watch App.entitlements */ = {isa = PBXFileReference; lastKnownFileType = text.plist.entitlements; path = "FastTrack Watch App.entitlements"; sourceTree = "<group>"; };
		2F8D2A3829401F85002AA901 /* Info.plist */ = {isa = PBXFileReference; lastKnownFileType = text.plist.xml; path = Info.plist; sourceTree = SOURCE_ROOT; };
		2F8D2A7729410737002AA901 /* AppMain.swift */ = {isa = PBXFileReference; lastKnownFileType = sourcecode.swift; path = AppMain.swift; sourceTree = "<group>"; };
		2F8D2A7929410737002AA901 /* ContentView.swift */ = {isa = PBXFileReference; lastKnownFileType = sourcecode.swift; path = ContentView.swift; sourceTree = "<group>"; };
		2F8D2A7E29410738002AA901 /* Preview Assets.xcassets */ = {isa = PBXFileReference; lastKnownFileType = folder.assetcatalog; path = "Preview Assets.xcassets"; sourceTree = "<group>"; };
		2F8D2A8429412026002AA901 /* ActiveWeekScreen.swift */ = {isa = PBXFileReference; lastKnownFileType = sourcecode.swift; path = ActiveWeekScreen.swift; sourceTree = "<group>"; };
		2F8D2A862941202B002AA901 /* AllWeeksScreen.swift */ = {isa = PBXFileReference; lastKnownFileType = sourcecode.swift; path = AllWeeksScreen.swift; sourceTree = "<group>"; };
		2F8D2A8829412032002AA901 /* SettingsScreen.swift */ = {isa = PBXFileReference; lastKnownFileType = sourcecode.swift; path = SettingsScreen.swift; sourceTree = "<group>"; };
		2F8D2A90294144E3002AA901 /* SettingsView.swift */ = {isa = PBXFileReference; lastKnownFileType = sourcecode.swift; path = SettingsView.swift; sourceTree = "<group>"; };
		2F8D2A922941452F002AA901 /* Credits.rtf */ = {isa = PBXFileReference; lastKnownFileType = text.rtf; path = Credits.rtf; sourceTree = "<group>"; };
		2F9C12CE2945C199008440EE /* LogSectionedListRowView.swift */ = {isa = PBXFileReference; lastKnownFileType = sourcecode.swift; path = LogSectionedListRowView.swift; sourceTree = "<group>"; };
		2F9C12D22945C7D7008440EE /* LogSectionedListView.swift */ = {isa = PBXFileReference; lastKnownFileType = sourcecode.swift; path = LogSectionedListView.swift; sourceTree = "<group>"; };
		2F9C12DA2946C594008440EE /* ActiveLogSectionView.swift */ = {isa = PBXFileReference; lastKnownFileType = sourcecode.swift; path = ActiveLogSectionView.swift; sourceTree = "<group>"; };
		2F9C12DC2946CDD3008440EE /* MenuBarExtraView.swift */ = {isa = PBXFileReference; lastKnownFileType = sourcecode.swift; path = MenuBarExtraView.swift; sourceTree = "<group>"; };
		2F9C12DE2947185D008440EE /* NavigationSplitViewVisibility+Extensions.swift */ = {isa = PBXFileReference; lastKnownFileType = sourcecode.swift; path = "NavigationSplitViewVisibility+Extensions.swift"; sourceTree = "<group>"; };
		2F9C12FF294724C1008440EE /* AddManualLogSheet.swift */ = {isa = PBXFileReference; lastKnownFileType = sourcecode.swift; path = AddManualLogSheet.swift; sourceTree = "<group>"; };
		2F9C13EA29487328008440EE /* DeleteButtonView.swift */ = {isa = PBXFileReference; lastKnownFileType = sourcecode.swift; path = DeleteButtonView.swift; sourceTree = "<group>"; };
		2FA949DB291BFE1400AF51FD /* SectionHeaderView.swift */ = {isa = PBXFileReference; lastKnownFileType = sourcecode.swift; path = SectionHeaderView.swift; sourceTree = "<group>"; };
		2FA949DD291C9FE800AF51FD /* GradientButtonView.swift */ = {isa = PBXFileReference; lastKnownFileType = sourcecode.swift; path = GradientButtonView.swift; sourceTree = "<group>"; };
		2FBDE30E295074F0000A7232 /* CloudUserDefaults.swift */ = {isa = PBXFileReference; lastKnownFileType = sourcecode.swift; path = CloudUserDefaults.swift; sourceTree = "<group>"; };
		2FBDE31729507F80000A7232 /* FastTrack Mac App.app */ = {isa = PBXFileReference; explicitFileType = wrapper.application; includeInIndex = 0; path = "FastTrack Mac App.app"; sourceTree = BUILT_PRODUCTS_DIR; };
		2FBDE32229507F80000A7232 /* FastTrack MacOS.entitlements */ = {isa = PBXFileReference; lastKnownFileType = text.plist.entitlements; path = "FastTrack MacOS.entitlements"; sourceTree = "<group>"; };
		2FBDE34D2951C62D000A7232 /* ChangeWeeklyGoalView.swift */ = {isa = PBXFileReference; lastKnownFileType = sourcecode.swift; path = ChangeWeeklyGoalView.swift; sourceTree = "<group>"; };
		2FDBB24C293A6B6F00A8A2BF /* Week+CoreDataClass.swift */ = {isa = PBXFileReference; lastKnownFileType = sourcecode.swift; path = "Week+CoreDataClass.swift"; sourceTree = "<group>"; };
		2FDBB252293A6BA600A8A2BF /* Week+Extensions.swift */ = {isa = PBXFileReference; lastKnownFileType = sourcecode.swift; path = "Week+Extensions.swift"; sourceTree = "<group>"; };
		2FDBB255293B43E900A8A2BF /* Calendar+Extensions.swift */ = {isa = PBXFileReference; lastKnownFileType = sourcecode.swift; path = "Calendar+Extensions.swift"; sourceTree = "<group>"; };
		2FDBB258293B470E00A8A2BF /* EditLogSheet.swift */ = {isa = PBXFileReference; lastKnownFileType = sourcecode.swift; path = EditLogSheet.swift; sourceTree = "<group>"; };
		2FDBB25B293C8A8A00A8A2BF /* AppState.swift */ = {isa = PBXFileReference; lastKnownFileType = sourcecode.swift; path = AppState.swift; sourceTree = "<group>"; };
		2FDBB28F293CB7ED00A8A2BF /* ProgressMeterView.swift */ = {isa = PBXFileReference; lastKnownFileType = sourcecode.swift; path = ProgressMeterView.swift; sourceTree = "<group>"; };
		2FDBB2A8293E591E00A8A2BF /* WidgetKit.framework */ = {isa = PBXFileReference; lastKnownFileType = wrapper.framework; name = WidgetKit.framework; path = System/Library/Frameworks/WidgetKit.framework; sourceTree = SDKROOT; };
		2FDBB2AA293E591E00A8A2BF /* SwiftUI.framework */ = {isa = PBXFileReference; lastKnownFileType = wrapper.framework; name = SwiftUI.framework; path = System/Library/Frameworks/SwiftUI.framework; sourceTree = SDKROOT; };
		2FDBB2AD293E591E00A8A2BF /* AppBundle.swift */ = {isa = PBXFileReference; lastKnownFileType = sourcecode.swift; path = AppBundle.swift; sourceTree = "<group>"; };
		2FDBB2AF293E591E00A8A2BF /* FastTrackWidgets.swift */ = {isa = PBXFileReference; lastKnownFileType = sourcecode.swift; path = FastTrackWidgets.swift; sourceTree = "<group>"; };
		2FDBB2B3293E591F00A8A2BF /* Info.plist */ = {isa = PBXFileReference; lastKnownFileType = text.plist.xml; path = Info.plist; sourceTree = "<group>"; };
/* End PBXFileReference section */

/* Begin PBXFrameworksBuildPhase section */
		2F0AA8B6294B1A8600413753 /* Frameworks */ = {
			isa = PBXFrameworksBuildPhase;
			buildActionMask = 2147483647;
			files = (
			);
			runOnlyForDeploymentPostprocessing = 0;
		};
		2F0AA8C3294B1A8D00413753 /* Frameworks */ = {
			isa = PBXFrameworksBuildPhase;
			buildActionMask = 2147483647;
			files = (
			);
			runOnlyForDeploymentPostprocessing = 0;
		};
		2F1007C5291A00C8004CE72E /* Frameworks */ = {
			isa = PBXFrameworksBuildPhase;
			buildActionMask = 2147483647;
			files = (
			);
			runOnlyForDeploymentPostprocessing = 0;
		};
		2F8D29FC293FF743002AA901 /* Frameworks */ = {
			isa = PBXFrameworksBuildPhase;
			buildActionMask = 2147483647;
			files = (
			);
			runOnlyForDeploymentPostprocessing = 0;
		};
		2FBDE31429507F80000A7232 /* Frameworks */ = {
			isa = PBXFrameworksBuildPhase;
			buildActionMask = 2147483647;
			files = (
			);
			runOnlyForDeploymentPostprocessing = 0;
		};
/* End PBXFrameworksBuildPhase section */

/* Begin PBXGroup section */
		2F0AA8BA294B1A8600413753 /* FastTrackTests */ = {
			isa = PBXGroup;
			children = (
				2F0AA8BB294B1A8600413753 /* FastTrackTests.swift */,
			);
			path = FastTrackTests;
			sourceTree = "<group>";
		};
		2F0AA8C7294B1A8D00413753 /* FastTrackUITests */ = {
			isa = PBXGroup;
			children = (
				2F0AA8C8294B1A8D00413753 /* FastTrackUITests.swift */,
				2F0AA8CA294B1A8D00413753 /* FastTrackUITestsLaunchTests.swift */,
			);
			path = FastTrackUITests;
			sourceTree = "<group>";
		};
		2F1007BF291A00C8004CE72E = {
			isa = PBXGroup;
			children = (
				2FDBB23D293A4DCB00A8A2BF /* Shared */,
				2F1007CA291A00C8004CE72E /* FastTrack iOS App */,
				2F8D2A7629410737002AA901 /* FastTrack Mac App */,
				2F8D2A00293FF743002AA901 /* FastTrack Watch App */,
				2F2D105A294D857400A09971 /* FastTrack Widget Extension */,
				2FDBB2AC293E591E00A8A2BF /* FastTrack Widgets */,
				2F0AA8BA294B1A8600413753 /* FastTrackTests */,
				2F0AA8C7294B1A8D00413753 /* FastTrackUITests */,
				2FDBB2A7293E591E00A8A2BF /* Frameworks */,
				2F1007C9291A00C8004CE72E /* Products */,
			);
			sourceTree = "<group>";
		};
		2F1007C9291A00C8004CE72E /* Products */ = {
			isa = PBXGroup;
			children = (
				2F1007C8291A00C8004CE72E /* FastTrack.app */,
				2F8D29FF293FF743002AA901 /* FastTrack Watch App.app */,
				2F0AA8B9294B1A8600413753 /* FastTrackTests.xctest */,
				2F0AA8C6294B1A8D00413753 /* FastTrackUITests.xctest */,
				2FBDE31729507F80000A7232 /* FastTrack Mac App.app */,
			);
			name = Products;
			sourceTree = "<group>";
		};
		2F1007CA291A00C8004CE72E /* FastTrack iOS App */ = {
			isa = PBXGroup;
			children = (
				2F1007CD291A00C8004CE72E /* ContentView.swift */,
				2F78B8822939FDCC0041427B /* Info.plist */,
				2F1007D1291A00C9004CE72E /* FastTrack iOS.entitlements */,
				2F1007DC291A0239004CE72E /* UI */,
				2F1007D2291A00C9004CE72E /* Preview Content */,
			);
			path = "FastTrack iOS App";
			sourceTree = "<group>";
		};
		2F1007D2291A00C9004CE72E /* Preview Content */ = {
			isa = PBXGroup;
			children = (
				2F1007D3291A00C9004CE72E /* Preview Assets.xcassets */,
			);
			path = "Preview Content";
			sourceTree = "<group>";
		};
		2F1007DC291A0239004CE72E /* UI */ = {
			isa = PBXGroup;
			children = (
				2F1007FD291A0F8C004CE72E /* Active Week */,
				2F10080B291A3BC6004CE72E /* All Weeks */,
				2F10080E291A3C41004CE72E /* Settings */,
				2F7B8781291FBAD1008E889C /* Onboarding */,
				2F100816291BD0D7004CE72E /* Components */,
			);
			path = UI;
			sourceTree = "<group>";
		};
		2F1007E3291A02BD004CE72E /* Data */ = {
			isa = PBXGroup;
			children = (
				2F1007E5291A02D0004CE72E /* CoreDataProvider.swift */,
				2F1007E7291A02D6004CE72E /* CoreDataProvider+Extensions.swift */,
				2F100803291A10CB004CE72E /* NSManagedObject+Extensions.swift */,
				2F1007E9291A02DC004CE72E /* Entities.xcdatamodeld */,
				2F1007E4291A02C4004CE72E /* Models */,
			);
			path = Data;
			sourceTree = "<group>";
		};
		2F1007E4291A02C4004CE72E /* Models */ = {
			isa = PBXGroup;
			children = (
				2F1007EC291A03A5004CE72E /* FastLog+CoreDataClass.swift */,
				2F1007F0291A03F2004CE72E /* FastLog+Extensions.swift */,
				2F1007FB291A06C9004CE72E /* FastLog+Preview.swift */,
				2F7B87C32927FAAC008E889C /* CustomErrors.swift */,
			);
			path = Models;
			sourceTree = "<group>";
		};
		2F1007F2291A044A004CE72E /* Extensions */ = {
			isa = PBXGroup;
			children = (
				2FDBB255293B43E900A8A2BF /* Calendar+Extensions.swift */,
				2F1007F5291A0464004CE72E /* Collection+Extensions.swift */,
				2F1007F3291A0451004CE72E /* Date+Extensions.swift */,
				2F100807291A1D50004CE72E /* DateFormatter+Extensions.swift */,
				2F7B877C291FAA5B008E889C /* Double+Extensions.swift */,
				2F9C12DE2947185D008440EE /* NavigationSplitViewVisibility+Extensions.swift */,
				2F1007F7291A047A004CE72E /* TimeInterval+Extensions.swift */,
				2F1007F9291A0484004CE72E /* URL+Extensions.swift */,
				2F7B87942922B095008E889C /* UIApplication+Extensions.swift */,
				2F10081B291BF760004CE72E /* View+Extensions.swift */,
			);
			path = Extensions;
			sourceTree = "<group>";
		};
		2F1007FD291A0F8C004CE72E /* Active Week */ = {
			isa = PBXGroup;
			children = (
				2F1007DD291A0244004CE72E /* ActiveWeekScreen.swift */,
				2F7B877E291FAB99008E889C /* ActiveWeekLogListView.swift */,
				2FDBB258293B470E00A8A2BF /* EditLogSheet.swift */,
			);
			path = "Active Week";
			sourceTree = "<group>";
		};
		2F10080B291A3BC6004CE72E /* All Weeks */ = {
			isa = PBXGroup;
			children = (
				2F1007DF291A0249004CE72E /* AllWeeksScreen.swift */,
				2F10080C291A3BCF004CE72E /* WeekDetailScreen.swift */,
			);
			path = "All Weeks";
			sourceTree = "<group>";
		};
		2F10080E291A3C41004CE72E /* Settings */ = {
			isa = PBXGroup;
			children = (
				2F1007E1291A024F004CE72E /* SettingsScreen.swift */,
				2F7B8776291E4BED008E889C /* AboutSheet.swift */,
				2F7B8778291E4BF3008E889C /* DeleteAllDataSheet.swift */,
			);
			path = Settings;
			sourceTree = "<group>";
		};
		2F100816291BD0D7004CE72E /* Components */ = {
			isa = PBXGroup;
			children = (
				2FA949DD291C9FE800AF51FD /* GradientButtonView.swift */,
				2F7B8742291CC9B0008E889C /* CustomSwipeView.swift */,
				2F7B877A291E4C37008E889C /* CustomLinkView.swift */,
				2F7B87AA29259F1A008E889C /* CustomDatePicker.swift */,
				2F7B87A029253367008E889C /* LogListProgressMeterView.swift */,
			);
			path = Components;
			sourceTree = "<group>";
		};
		2F2009D6293FBD270089EDBE /* Old */ = {
			isa = PBXGroup;
			children = (
				2FDBB25B293C8A8A00A8A2BF /* AppState.swift */,
				2F8D2A19294011C6002AA901 /* WatchConnector.swift */,
				2FDBB24C293A6B6F00A8A2BF /* Week+CoreDataClass.swift */,
				2FDBB252293A6BA600A8A2BF /* Week+Extensions.swift */,
			);
			path = Old;
			sourceTree = "<group>";
		};
		2F2D105A294D857400A09971 /* FastTrack Widget Extension */ = {
			isa = PBXGroup;
			children = (
				2F2D105B294D857400A09971 /* FastTrackWidgetExtensionBundle.swift */,
				2F2D105D294D857400A09971 /* FastTrackWidget.swift */,
				2F2D107D294D8CD600A09971 /* WidgetProgressMeterView.swift */,
				2F2D105F294D857500A09971 /* Assets.xcassets */,
				2F2D1061294D857500A09971 /* Info.plist */,
				2F2D1068294D86CE00A09971 /* FastTrack Widget Extension.entitlements */,
			);
			path = "FastTrack Widget Extension";
			sourceTree = "<group>";
		};
		2F7B8781291FBAD1008E889C /* Onboarding */ = {
			isa = PBXGroup;
			children = (
				2F7B87BE2926E4F0008E889C /* SetWeeklyGoalView.swift */,
			);
			path = Onboarding;
			sourceTree = "<group>";
		};
		2F7B87C02927BA9F008E889C /* Shortcuts */ = {
			isa = PBXGroup;
			children = (
				2F7B87D029280589008E889C /* AppShortcuts.swift */,
				2F7B87C12927F7B7008E889C /* FastLogIntents.swift */,
			);
			path = Shortcuts;
			sourceTree = "<group>";
		};
		2F8D2A00293FF743002AA901 /* FastTrack Watch App */ = {
			isa = PBXGroup;
			children = (
				2F8D2A12293FF780002AA901 /* ContentView.swift */,
				2FBDE34D2951C62D000A7232 /* ChangeWeeklyGoalView.swift */,
				2FDBB28F293CB7ED00A8A2BF /* ProgressMeterView.swift */,
				2F8D2A3829401F85002AA901 /* Info.plist */,
				2F8D2A3729401F82002AA901 /* FastTrack Watch App.entitlements */,
				2F8D2A07293FF744002AA901 /* Preview Content */,
			);
			path = "FastTrack Watch App";
			sourceTree = "<group>";
		};
		2F8D2A07293FF744002AA901 /* Preview Content */ = {
			isa = PBXGroup;
			children = (
				2F8D2A08293FF744002AA901 /* Preview Assets.xcassets */,
			);
			path = "Preview Content";
			sourceTree = "<group>";
		};
		2F8D2A7629410737002AA901 /* FastTrack Mac App */ = {
			isa = PBXGroup;
			children = (
				2F8D2A7729410737002AA901 /* AppMain.swift */,
				2F8D2A7929410737002AA901 /* ContentView.swift */,
				2F9C12DC2946CDD3008440EE /* MenuBarExtraView.swift */,
				2FBDE32229507F80000A7232 /* FastTrack MacOS.entitlements */,
				2F8D2B9129443549002AA901 /* UI */,
				2F8D2A922941452F002AA901 /* Credits.rtf */,
				2F8D2A7D29410738002AA901 /* Preview Content */,
			);
			path = "FastTrack Mac App";
			sourceTree = "<group>";
		};
		2F8D2A7D29410738002AA901 /* Preview Content */ = {
			isa = PBXGroup;
			children = (
				2F8D2A7E29410738002AA901 /* Preview Assets.xcassets */,
			);
			path = "Preview Content";
			sourceTree = "<group>";
		};
		2F8D2B8E2944353A002AA901 /* Active Week */ = {
			isa = PBXGroup;
			children = (
				2F8D2A8429412026002AA901 /* ActiveWeekScreen.swift */,
				2F9C12DA2946C594008440EE /* ActiveLogSectionView.swift */,
				2F9C13EA29487328008440EE /* DeleteButtonView.swift */,
				2F9C12FF294724C1008440EE /* AddManualLogSheet.swift */,
			);
			path = "Active Week";
			sourceTree = "<group>";
		};
		2F8D2B8F2944353E002AA901 /* All Weeks */ = {
			isa = PBXGroup;
			children = (
				2F8D2A862941202B002AA901 /* AllWeeksScreen.swift */,
			);
			path = "All Weeks";
			sourceTree = "<group>";
		};
		2F8D2B9029443541002AA901 /* Settings */ = {
			isa = PBXGroup;
			children = (
				2F8D2A8829412032002AA901 /* SettingsScreen.swift */,
				2F8D2A90294144E3002AA901 /* SettingsView.swift */,
			);
			path = Settings;
			sourceTree = "<group>";
		};
		2F8D2B9129443549002AA901 /* UI */ = {
			isa = PBXGroup;
			children = (
				2F8D2B8E2944353A002AA901 /* Active Week */,
				2F8D2B8F2944353E002AA901 /* All Weeks */,
				2F8D2B9029443541002AA901 /* Settings */,
			);
			path = UI;
			sourceTree = "<group>";
		};
		2F9C12D12945C7C7008440EE /* All Weeks */ = {
			isa = PBXGroup;
			children = (
				2F9C12D22945C7D7008440EE /* LogSectionedListView.swift */,
				2F9C12CE2945C199008440EE /* LogSectionedListRowView.swift */,
			);
			path = "All Weeks";
			sourceTree = "<group>";
		};
		2F9C12D52945C81F008440EE /* Active Week */ = {
			isa = PBXGroup;
			children = (
				2F7B87A429255E72008E889C /* AddManualLogSheet.swift */,
			);
			path = "Active Week";
			sourceTree = "<group>";
		};
		2F9C12D82945CE4B008440EE /* Components */ = {
			isa = PBXGroup;
			children = (
				2F100817291BD0E2004CE72E /* ProgressMeterView.swift */,
				2FA949DB291BFE1400AF51FD /* SectionHeaderView.swift */,
			);
			path = Components;
			sourceTree = "<group>";
		};
		2FDBB1F3293A2ABD00A8A2BF /* Enums */ = {
			isa = PBXGroup;
			children = (
				2F100819291BF084004CE72E /* Screen.swift */,
				2F7B87A629256189008E889C /* DatePickerDisplayMode.swift */,
				2F7B87BC2926D001008E889C /* WeeklyFastingHoursGoal.swift */,
			);
			path = Enums;
			sourceTree = "<group>";
		};
		2FDBB23D293A4DCB00A8A2BF /* Shared */ = {
			isa = PBXGroup;
			children = (
				2F1007CB291A00C8004CE72E /* AppMain.swift */,
				2F7B8774291E4B74008E889C /* Constants.swift */,
				2FBDE30E295074F0000A7232 /* CloudUserDefaults.swift */,
				2F1007CF291A00C9004CE72E /* Assets.xcassets */,
				2F2009D6293FBD270089EDBE /* Old */,
				2F1007E3291A02BD004CE72E /* Data */,
				2FDBB1F3293A2ABD00A8A2BF /* Enums */,
				2F1007F2291A044A004CE72E /* Extensions */,
				2F7B87C02927BA9F008E889C /* Shortcuts */,
				2FDBB295293CC29400A8A2BF /* UI */,
			);
			path = Shared;
			sourceTree = "<group>";
		};
		2FDBB295293CC29400A8A2BF /* UI */ = {
			isa = PBXGroup;
			children = (
				2F100814291B5468004CE72E /* LogListRowView.swift */,
				2F9C12D52945C81F008440EE /* Active Week */,
				2F9C12D12945C7C7008440EE /* All Weeks */,
				2F9C12D82945CE4B008440EE /* Components */,
				2F7B8772291E4AF0008E889C /* SwipeableLogView.swift */,
				2F7B879E292527F2008E889C /* ActiveLogView.swift */,
			);
			path = UI;
			sourceTree = "<group>";
		};
		2FDBB2A7293E591E00A8A2BF /* Frameworks */ = {
			isa = PBXGroup;
			children = (
				2FDBB2A8293E591E00A8A2BF /* WidgetKit.framework */,
				2FDBB2AA293E591E00A8A2BF /* SwiftUI.framework */,
			);
			name = Frameworks;
			sourceTree = "<group>";
		};
		2FDBB2AC293E591E00A8A2BF /* FastTrack Widgets */ = {
			isa = PBXGroup;
			children = (
				2FDBB2AD293E591E00A8A2BF /* AppBundle.swift */,
				2FDBB2AF293E591E00A8A2BF /* FastTrackWidgets.swift */,
				2FDBB2B3293E591F00A8A2BF /* Info.plist */,
				2F2009D1293E79FA0089EDBE /* FastTrack Widgets.entitlements */,
			);
			path = "FastTrack Widgets";
			sourceTree = "<group>";
		};
/* End PBXGroup section */

/* Begin PBXNativeTarget section */
		2F0AA8B8294B1A8600413753 /* FastTrackTests */ = {
			isa = PBXNativeTarget;
			buildConfigurationList = 2F0AA8BF294B1A8600413753 /* Build configuration list for PBXNativeTarget "FastTrackTests" */;
			buildPhases = (
				2F0AA8B5294B1A8600413753 /* Sources */,
				2F0AA8B6294B1A8600413753 /* Frameworks */,
				2F0AA8B7294B1A8600413753 /* Resources */,
			);
			buildRules = (
			);
			dependencies = (
				2F0AA8BE294B1A8600413753 /* PBXTargetDependency */,
			);
			name = FastTrackTests;
			productName = FastTrackTests;
			productReference = 2F0AA8B9294B1A8600413753 /* FastTrackTests.xctest */;
			productType = "com.apple.product-type.bundle.unit-test";
		};
		2F0AA8C5294B1A8D00413753 /* FastTrackUITests */ = {
			isa = PBXNativeTarget;
			buildConfigurationList = 2F0AA8CE294B1A8D00413753 /* Build configuration list for PBXNativeTarget "FastTrackUITests" */;
			buildPhases = (
				2F0AA8C2294B1A8D00413753 /* Sources */,
				2F0AA8C3294B1A8D00413753 /* Frameworks */,
				2F0AA8C4294B1A8D00413753 /* Resources */,
			);
			buildRules = (
			);
			dependencies = (
				2F0AA8CD294B1A8D00413753 /* PBXTargetDependency */,
			);
			name = FastTrackUITests;
			productName = FastTrackUITests;
			productReference = 2F0AA8C6294B1A8D00413753 /* FastTrackUITests.xctest */;
			productType = "com.apple.product-type.bundle.ui-testing";
		};
		2F1007C7291A00C8004CE72E /* FastTrack iOS App */ = {
			isa = PBXNativeTarget;
			buildConfigurationList = 2F1007D7291A00C9004CE72E /* Build configuration list for PBXNativeTarget "FastTrack iOS App" */;
			buildPhases = (
				2F1007C4291A00C8004CE72E /* Sources */,
				2F1007C5291A00C8004CE72E /* Frameworks */,
				2F1007C6291A00C8004CE72E /* Resources */,
				2F8D2A10293FF744002AA901 /* Embed Watch Content */,
			);
			buildRules = (
			);
			dependencies = (
				2F8D2A0B293FF744002AA901 /* PBXTargetDependency */,
			);
			name = "FastTrack iOS App";
			productName = CortexOfFasting;
			productReference = 2F1007C8291A00C8004CE72E /* FastTrack.app */;
			productType = "com.apple.product-type.application";
		};
		2F8D29FE293FF743002AA901 /* FastTrack Watch App */ = {
			isa = PBXNativeTarget;
			buildConfigurationList = 2F8D2A0D293FF744002AA901 /* Build configuration list for PBXNativeTarget "FastTrack Watch App" */;
			buildPhases = (
				2F8D29FB293FF743002AA901 /* Sources */,
				2F8D29FC293FF743002AA901 /* Frameworks */,
				2F8D29FD293FF743002AA901 /* Resources */,
			);
			buildRules = (
			);
			dependencies = (
			);
			name = "FastTrack Watch App";
			productName = "FastTrack Watch App";
			productReference = 2F8D29FF293FF743002AA901 /* FastTrack Watch App.app */;
			productType = "com.apple.product-type.application";
		};
		2FBDE31629507F80000A7232 /* FastTrack Mac App */ = {
			isa = PBXNativeTarget;
			buildConfigurationList = 2FBDE32329507F80000A7232 /* Build configuration list for PBXNativeTarget "FastTrack Mac App" */;
			buildPhases = (
				2FBDE31329507F80000A7232 /* Sources */,
				2FBDE31429507F80000A7232 /* Frameworks */,
				2FBDE31529507F80000A7232 /* Resources */,
			);
			buildRules = (
			);
			dependencies = (
			);
			name = "FastTrack Mac App";
			productName = FastTrack;
			productReference = 2FBDE31729507F80000A7232 /* FastTrack Mac App.app */;
			productType = "com.apple.product-type.application";
		};
/* End PBXNativeTarget section */

/* Begin PBXProject section */
		2F1007C0291A00C8004CE72E /* Project object */ = {
			isa = PBXProject;
			attributes = {
				BuildIndependentTargetsInParallel = 1;
				LastSwiftUpdateCheck = 1420;
				LastUpgradeCheck = 1420;
				TargetAttributes = {
					2F0AA8B8294B1A8600413753 = {
						CreatedOnToolsVersion = 14.1;
						TestTargetID = 2F1007C7291A00C8004CE72E;
					};
					2F0AA8C5294B1A8D00413753 = {
						CreatedOnToolsVersion = 14.1;
						TestTargetID = 2F1007C7291A00C8004CE72E;
					};
					2F1007C7291A00C8004CE72E = {
						CreatedOnToolsVersion = 14.1;
					};
					2F8D29FE293FF743002AA901 = {
						CreatedOnToolsVersion = 14.1;
					};
					2FBDE31629507F80000A7232 = {
						CreatedOnToolsVersion = 14.2;
					};
				};
			};
			buildConfigurationList = 2F1007C3291A00C8004CE72E /* Build configuration list for PBXProject "FastTrack" */;
			compatibilityVersion = "Xcode 14.0";
			developmentRegion = en;
			hasScannedForEncodings = 0;
			knownRegions = (
				en,
				Base,
			);
			mainGroup = 2F1007BF291A00C8004CE72E;
			productRefGroup = 2F1007C9291A00C8004CE72E /* Products */;
			projectDirPath = "";
			projectRoot = "";
			targets = (
				2F1007C7291A00C8004CE72E /* FastTrack iOS App */,
				2FBDE31629507F80000A7232 /* FastTrack Mac App */,
				2F8D29FE293FF743002AA901 /* FastTrack Watch App */,
				2F0AA8B8294B1A8600413753 /* FastTrackTests */,
				2F0AA8C5294B1A8D00413753 /* FastTrackUITests */,
			);
		};
/* End PBXProject section */

/* Begin PBXResourcesBuildPhase section */
		2F0AA8B7294B1A8600413753 /* Resources */ = {
			isa = PBXResourcesBuildPhase;
			buildActionMask = 2147483647;
			files = (
			);
			runOnlyForDeploymentPostprocessing = 0;
		};
		2F0AA8C4294B1A8D00413753 /* Resources */ = {
			isa = PBXResourcesBuildPhase;
			buildActionMask = 2147483647;
			files = (
			);
			runOnlyForDeploymentPostprocessing = 0;
		};
		2F1007C6291A00C8004CE72E /* Resources */ = {
			isa = PBXResourcesBuildPhase;
			buildActionMask = 2147483647;
			files = (
				2F1007D4291A00C9004CE72E /* Preview Assets.xcassets in Resources */,
				2F1007D0291A00C9004CE72E /* Assets.xcassets in Resources */,
			);
			runOnlyForDeploymentPostprocessing = 0;
		};
		2F8D29FD293FF743002AA901 /* Resources */ = {
			isa = PBXResourcesBuildPhase;
			buildActionMask = 2147483647;
			files = (
				2F8D2A09293FF744002AA901 /* Preview Assets.xcassets in Resources */,
				2F8D2A3A29402294002AA901 /* Assets.xcassets in Resources */,
			);
			runOnlyForDeploymentPostprocessing = 0;
		};
		2FBDE31529507F80000A7232 /* Resources */ = {
			isa = PBXResourcesBuildPhase;
			buildActionMask = 2147483647;
			files = (
				2FBDE32629508027000A7232 /* Assets.xcassets in Resources */,
				2FBDE34B29508287000A7232 /* Credits.rtf in Resources */,
			);
			runOnlyForDeploymentPostprocessing = 0;
		};
/* End PBXResourcesBuildPhase section */

/* Begin PBXSourcesBuildPhase section */
		2F0AA8B5294B1A8600413753 /* Sources */ = {
			isa = PBXSourcesBuildPhase;
			buildActionMask = 2147483647;
			files = (
				2F0AA8BC294B1A8600413753 /* FastTrackTests.swift in Sources */,
			);
			runOnlyForDeploymentPostprocessing = 0;
		};
		2F0AA8C2294B1A8D00413753 /* Sources */ = {
			isa = PBXSourcesBuildPhase;
			buildActionMask = 2147483647;
			files = (
				2F0AA8CB294B1A8D00413753 /* FastTrackUITestsLaunchTests.swift in Sources */,
				2F0AA8C9294B1A8D00413753 /* FastTrackUITests.swift in Sources */,
			);
			runOnlyForDeploymentPostprocessing = 0;
		};
		2F1007C4291A00C8004CE72E /* Sources */ = {
			isa = PBXSourcesBuildPhase;
			buildActionMask = 2147483647;
			files = (
				2F1007CE291A00C8004CE72E /* ContentView.swift in Sources */,
				2F7B877F291FAB99008E889C /* ActiveWeekLogListView.swift in Sources */,
				2F7B87AB29259F1A008E889C /* CustomDatePicker.swift in Sources */,
				2FDBB24E293A6B6F00A8A2BF /* Week+CoreDataClass.swift in Sources */,
				2F10081A291BF084004CE72E /* Screen.swift in Sources */,
				2F100815291B5468004CE72E /* LogListRowView.swift in Sources */,
				2F7B87A529255E72008E889C /* AddManualLogSheet.swift in Sources */,
				2F9C12D32945C7D7008440EE /* LogSectionedListView.swift in Sources */,
				2F7B8775291E4B74008E889C /* Constants.swift in Sources */,
				2F7B87C42927FAAC008E889C /* CustomErrors.swift in Sources */,
				2F1007FA291A0484004CE72E /* URL+Extensions.swift in Sources */,
				2F1007F4291A0451004CE72E /* Date+Extensions.swift in Sources */,
				2F7B877B291E4C37008E889C /* CustomLinkView.swift in Sources */,
				2F100804291A10CB004CE72E /* NSManagedObject+Extensions.swift in Sources */,
				2F7B87D129280589008E889C /* AppShortcuts.swift in Sources */,
				2F10080D291A3BCF004CE72E /* WeekDetailScreen.swift in Sources */,
				2F9C12CF2945C199008440EE /* LogSectionedListRowView.swift in Sources */,
				2FDBB256293B43E900A8A2BF /* Calendar+Extensions.swift in Sources */,
				2F1007EE291A03A5004CE72E /* FastLog+CoreDataClass.swift in Sources */,
				2F7B87BF2926E4F0008E889C /* SetWeeklyGoalView.swift in Sources */,
				2F1007CC291A00C8004CE72E /* AppMain.swift in Sources */,
				2F7B879F292527F2008E889C /* ActiveLogView.swift in Sources */,
				2F7B87C22927F7B7008E889C /* FastLogIntents.swift in Sources */,
				2F7B8777291E4BED008E889C /* AboutSheet.swift in Sources */,
				2F1007EB291A02DC004CE72E /* Entities.xcdatamodeld in Sources */,
				2F8D2A1A294011C6002AA901 /* WatchConnector.swift in Sources */,
				2F1007FC291A06C9004CE72E /* FastLog+Preview.swift in Sources */,
				2F10081C291BF760004CE72E /* View+Extensions.swift in Sources */,
				2FA949DC291BFE1400AF51FD /* SectionHeaderView.swift in Sources */,
				2FDBB253293A6BA600A8A2BF /* Week+Extensions.swift in Sources */,
				2FDBB25C293C8A8A00A8A2BF /* AppState.swift in Sources */,
				2F7B8779291E4BF3008E889C /* DeleteAllDataSheet.swift in Sources */,
				2F1007F6291A0464004CE72E /* Collection+Extensions.swift in Sources */,
				2F1007F1291A03F2004CE72E /* FastLog+Extensions.swift in Sources */,
				2F7B87A729256189008E889C /* DatePickerDisplayMode.swift in Sources */,
				2F7B877D291FAA5B008E889C /* Double+Extensions.swift in Sources */,
				2F1007DE291A0244004CE72E /* ActiveWeekScreen.swift in Sources */,
				2F7B87A129253367008E889C /* LogListProgressMeterView.swift in Sources */,
				2FBDE30F295074F0000A7232 /* CloudUserDefaults.swift in Sources */,
				2F100818291BD0E2004CE72E /* ProgressMeterView.swift in Sources */,
				2FDBB259293B470E00A8A2BF /* EditLogSheet.swift in Sources */,
				2F100808291A1D50004CE72E /* DateFormatter+Extensions.swift in Sources */,
				2F1007E2291A024F004CE72E /* SettingsScreen.swift in Sources */,
				2F7B8743291CC9B0008E889C /* CustomSwipeView.swift in Sources */,
				2F9C12DF2947185D008440EE /* NavigationSplitViewVisibility+Extensions.swift in Sources */,
				2FA949DE291C9FE800AF51FD /* GradientButtonView.swift in Sources */,
				2F7B87952922B095008E889C /* UIApplication+Extensions.swift in Sources */,
				2F1007F8291A047A004CE72E /* TimeInterval+Extensions.swift in Sources */,
				2F1007E0291A0249004CE72E /* AllWeeksScreen.swift in Sources */,
				2F7B8773291E4AF0008E889C /* SwipeableLogView.swift in Sources */,
				2F7B87BD2926D001008E889C /* WeeklyFastingHoursGoal.swift in Sources */,
				2F1007E8291A02D6004CE72E /* CoreDataProvider+Extensions.swift in Sources */,
				2F1007E6291A02D0004CE72E /* CoreDataProvider.swift in Sources */,
			);
			runOnlyForDeploymentPostprocessing = 0;
		};
		2F8D29FB293FF743002AA901 /* Sources */ = {
			isa = PBXSourcesBuildPhase;
			buildActionMask = 2147483647;
			files = (
				2F8D2A2E29401D75002AA901 /* URL+Extensions.swift in Sources */,
				2F8D2A2029401D01002AA901 /* Entities.xcdatamodeld in Sources */,
				2F8D2A15293FF7AE002AA901 /* WeeklyFastingHoursGoal.swift in Sources */,
				2F8D2A1B294011C6002AA901 /* WatchConnector.swift in Sources */,
				2F8D2A2329401D05002AA901 /* FastLog+Extensions.swift in Sources */,
				2F8D2A13293FF780002AA901 /* ContentView.swift in Sources */,
				2F8D2A3329401D75002AA901 /* TimeInterval+Extensions.swift in Sources */,
				2F8D2A1F29401CFF002AA901 /* NSManagedObject+Extensions.swift in Sources */,
				2FBDE34E2951C62D000A7232 /* ChangeWeeklyGoalView.swift in Sources */,
				2F8D2A2629401D2C002AA901 /* ActiveLogView.swift in Sources */,
				2F8D2A3229401D75002AA901 /* Double+Extensions.swift in Sources */,
				2F8D2A1D29401CFF002AA901 /* CoreDataProvider.swift in Sources */,
				2F8D2A17293FF7C6002AA901 /* Constants.swift in Sources */,
				2F8D2A3429401D75002AA901 /* DateFormatter+Extensions.swift in Sources */,
				2F8D2A392940204B002AA901 /* AppMain.swift in Sources */,
				2F8D2A3029401D75002AA901 /* Collection+Extensions.swift in Sources */,
				2F8D2A2F29401D75002AA901 /* Date+Extensions.swift in Sources */,
				2F8D2A4029410410002AA901 /* AppState.swift in Sources */,
				2F8D2A1C29401CB8002AA901 /* ProgressMeterView.swift in Sources */,
				2F8D2A2729401D2C002AA901 /* SwipeableLogView.swift in Sources */,
				2FBDE311295074F0000A7232 /* CloudUserDefaults.swift in Sources */,
				2F8D2A2129401D05002AA901 /* CustomErrors.swift in Sources */,
				2F8D2A2429401D05002AA901 /* FastLog+Preview.swift in Sources */,
				2F8D2A3129401D75002AA901 /* Calendar+Extensions.swift in Sources */,
				2F8D2A2229401D05002AA901 /* FastLog+CoreDataClass.swift in Sources */,
				2F8D2A1E29401CFF002AA901 /* CoreDataProvider+Extensions.swift in Sources */,
			);
			runOnlyForDeploymentPostprocessing = 0;
		};
		2FBDE31329507F80000A7232 /* Sources */ = {
			isa = PBXSourcesBuildPhase;
			buildActionMask = 2147483647;
			files = (
				2FBDE32D295081AC000A7232 /* ActiveWeekScreen.swift in Sources */,
				2FBDE34529508208000A7232 /* ProgressMeterView.swift in Sources */,
				2FBDE328295081A1000A7232 /* ContentView.swift in Sources */,
				2FBDE34A29508231000A7232 /* LogListRowView.swift in Sources */,
				2FBDE342295081D9000A7232 /* TimeInterval+Extensions.swift in Sources */,
				2FBDE333295081BC000A7232 /* NSManagedObject+Extensions.swift in Sources */,
				2FBDE343295081F2000A7232 /* Constants.swift in Sources */,
				2FBDE34629508217000A7232 /* ActiveLogView.swift in Sources */,
				2FBDE33F295081D3000A7232 /* Collection+Extensions.swift in Sources */,
				2FBDE34429508208000A7232 /* SectionHeaderView.swift in Sources */,
				2FBDE329295081A1000A7232 /* AppMain.swift in Sources */,
				2FBDE335295081BF000A7232 /* Entities.xcdatamodeld in Sources */,
				2FBDE33B295081CC000A7232 /* WeeklyFastingHoursGoal.swift in Sources */,
				2FBDE334295081BC000A7232 /* CoreDataProvider+Extensions.swift in Sources */,
				2FBDE337295081C2000A7232 /* FastLog+Extensions.swift in Sources */,
				2FBDE339295081C2000A7232 /* CustomErrors.swift in Sources */,
				2FBDE33D295081D3000A7232 /* Date+Extensions.swift in Sources */,
				2FBDE32F295081AC000A7232 /* AddManualLogSheet.swift in Sources */,
				2FBDE32C295081AC000A7232 /* ActiveLogSectionView.swift in Sources */,
				2FBDE340295081D3000A7232 /* Double+Extensions.swift in Sources */,
				2FBDE338295081C2000A7232 /* FastLog+CoreDataClass.swift in Sources */,
				2FBDE327295081A1000A7232 /* MenuBarExtraView.swift in Sources */,
				2FBDE32B295081AC000A7232 /* DeleteButtonView.swift in Sources */,
				2FBDE34729508220000A7232 /* CloudUserDefaults.swift in Sources */,
				2FBDE330295081AF000A7232 /* SettingsScreen.swift in Sources */,
				2FBDE33E295081D3000A7232 /* Calendar+Extensions.swift in Sources */,
				2FBDE33A295081CC000A7232 /* Screen.swift in Sources */,
				2FBDE32E295081AC000A7232 /* AllWeeksScreen.swift in Sources */,
				2FBDE341295081D9000A7232 /* URL+Extensions.swift in Sources */,
				2FBDE3482950822B000A7232 /* LogSectionedListRowView.swift in Sources */,
				2FBDE336295081C2000A7232 /* FastLog+Preview.swift in Sources */,
				2FBDE331295081AF000A7232 /* SettingsView.swift in Sources */,
				2FBDE33C295081D3000A7232 /* DateFormatter+Extensions.swift in Sources */,
				2FBDE3492950822B000A7232 /* LogSectionedListView.swift in Sources */,
				2FBDE332295081BC000A7232 /* CoreDataProvider.swift in Sources */,
			);
			runOnlyForDeploymentPostprocessing = 0;
		};
/* End PBXSourcesBuildPhase section */

/* Begin PBXTargetDependency section */
		2F0AA8BE294B1A8600413753 /* PBXTargetDependency */ = {
			isa = PBXTargetDependency;
			target = 2F1007C7291A00C8004CE72E /* FastTrack iOS App */;
			targetProxy = 2F0AA8BD294B1A8600413753 /* PBXContainerItemProxy */;
		};
		2F0AA8CD294B1A8D00413753 /* PBXTargetDependency */ = {
			isa = PBXTargetDependency;
			target = 2F1007C7291A00C8004CE72E /* FastTrack iOS App */;
			targetProxy = 2F0AA8CC294B1A8D00413753 /* PBXContainerItemProxy */;
		};
		2F8D2A0B293FF744002AA901 /* PBXTargetDependency */ = {
			isa = PBXTargetDependency;
			target = 2F8D29FE293FF743002AA901 /* FastTrack Watch App */;
			targetProxy = 2F8D2A0A293FF744002AA901 /* PBXContainerItemProxy */;
		};
/* End PBXTargetDependency section */

/* Begin XCBuildConfiguration section */
		2F0AA8C0294B1A8600413753 /* Debug */ = {
			isa = XCBuildConfiguration;
			buildSettings = {
				BUNDLE_LOADER = "$(TEST_HOST)";
				CODE_SIGN_STYLE = Automatic;
				CURRENT_PROJECT_VERSION = 1;
				DEAD_CODE_STRIPPING = YES;
				DEVELOPMENT_TEAM = 4BP826FJGX;
				GENERATE_INFOPLIST_FILE = YES;
				IPHONEOS_DEPLOYMENT_TARGET = 16.1;
				MACOSX_DEPLOYMENT_TARGET = 13.0;
				MARKETING_VERSION = 1.0;
				PRODUCT_BUNDLE_IDENTIFIER = dev.neurothrone.FastTrackTests;
				PRODUCT_NAME = "$(TARGET_NAME)";
				SDKROOT = auto;
				SUPPORTED_PLATFORMS = "iphoneos iphonesimulator macosx";
				SWIFT_EMIT_LOC_STRINGS = NO;
				SWIFT_VERSION = 5.0;
				TARGETED_DEVICE_FAMILY = "1,2";
				TEST_HOST = "$(BUILT_PRODUCTS_DIR)/FastTrack.app/$(BUNDLE_EXECUTABLE_FOLDER_PATH)/FastTrack";
			};
			name = Debug;
		};
		2F0AA8C1294B1A8600413753 /* Release */ = {
			isa = XCBuildConfiguration;
			buildSettings = {
				BUNDLE_LOADER = "$(TEST_HOST)";
				CODE_SIGN_STYLE = Automatic;
				CURRENT_PROJECT_VERSION = 1;
				DEAD_CODE_STRIPPING = YES;
				DEVELOPMENT_TEAM = 4BP826FJGX;
				GENERATE_INFOPLIST_FILE = YES;
				IPHONEOS_DEPLOYMENT_TARGET = 16.1;
				MACOSX_DEPLOYMENT_TARGET = 13.0;
				MARKETING_VERSION = 1.0;
				PRODUCT_BUNDLE_IDENTIFIER = dev.neurothrone.FastTrackTests;
				PRODUCT_NAME = "$(TARGET_NAME)";
				SDKROOT = auto;
				SUPPORTED_PLATFORMS = "iphoneos iphonesimulator macosx";
				SWIFT_EMIT_LOC_STRINGS = NO;
				SWIFT_VERSION = 5.0;
				TARGETED_DEVICE_FAMILY = "1,2";
				TEST_HOST = "$(BUILT_PRODUCTS_DIR)/FastTrack.app/$(BUNDLE_EXECUTABLE_FOLDER_PATH)/FastTrack";
			};
			name = Release;
		};
		2F0AA8CF294B1A8D00413753 /* Debug */ = {
			isa = XCBuildConfiguration;
			buildSettings = {
				CODE_SIGN_STYLE = Automatic;
				CURRENT_PROJECT_VERSION = 1;
				DEAD_CODE_STRIPPING = YES;
				DEVELOPMENT_TEAM = 4BP826FJGX;
				GENERATE_INFOPLIST_FILE = YES;
				IPHONEOS_DEPLOYMENT_TARGET = 16.1;
				MACOSX_DEPLOYMENT_TARGET = 13.0;
				MARKETING_VERSION = 1.0;
				PRODUCT_BUNDLE_IDENTIFIER = dev.neurothrone.FastTrackUITests;
				PRODUCT_NAME = "$(TARGET_NAME)";
				SDKROOT = auto;
				SUPPORTED_PLATFORMS = "iphoneos iphonesimulator macosx";
				SWIFT_EMIT_LOC_STRINGS = NO;
				SWIFT_VERSION = 5.0;
				TARGETED_DEVICE_FAMILY = "1,2";
				TEST_TARGET_NAME = "FastTrack iOS App";
			};
			name = Debug;
		};
		2F0AA8D0294B1A8D00413753 /* Release */ = {
			isa = XCBuildConfiguration;
			buildSettings = {
				CODE_SIGN_STYLE = Automatic;
				CURRENT_PROJECT_VERSION = 1;
				DEAD_CODE_STRIPPING = YES;
				DEVELOPMENT_TEAM = 4BP826FJGX;
				GENERATE_INFOPLIST_FILE = YES;
				IPHONEOS_DEPLOYMENT_TARGET = 16.1;
				MACOSX_DEPLOYMENT_TARGET = 13.0;
				MARKETING_VERSION = 1.0;
				PRODUCT_BUNDLE_IDENTIFIER = dev.neurothrone.FastTrackUITests;
				PRODUCT_NAME = "$(TARGET_NAME)";
				SDKROOT = auto;
				SUPPORTED_PLATFORMS = "iphoneos iphonesimulator macosx";
				SWIFT_EMIT_LOC_STRINGS = NO;
				SWIFT_VERSION = 5.0;
				TARGETED_DEVICE_FAMILY = "1,2";
				TEST_TARGET_NAME = "FastTrack iOS App";
			};
			name = Release;
		};
		2F1007D5291A00C9004CE72E /* Debug */ = {
			isa = XCBuildConfiguration;
			buildSettings = {
				ALWAYS_SEARCH_USER_PATHS = NO;
				CLANG_ANALYZER_NONNULL = YES;
				CLANG_ANALYZER_NUMBER_OBJECT_CONVERSION = YES_AGGRESSIVE;
				CLANG_CXX_LANGUAGE_STANDARD = "gnu++20";
				CLANG_ENABLE_MODULES = YES;
				CLANG_ENABLE_OBJC_ARC = YES;
				CLANG_ENABLE_OBJC_WEAK = YES;
				CLANG_WARN_BLOCK_CAPTURE_AUTORELEASING = YES;
				CLANG_WARN_BOOL_CONVERSION = YES;
				CLANG_WARN_COMMA = YES;
				CLANG_WARN_CONSTANT_CONVERSION = YES;
				CLANG_WARN_DEPRECATED_OBJC_IMPLEMENTATIONS = YES;
				CLANG_WARN_DIRECT_OBJC_ISA_USAGE = YES_ERROR;
				CLANG_WARN_DOCUMENTATION_COMMENTS = YES;
				CLANG_WARN_EMPTY_BODY = YES;
				CLANG_WARN_ENUM_CONVERSION = YES;
				CLANG_WARN_INFINITE_RECURSION = YES;
				CLANG_WARN_INT_CONVERSION = YES;
				CLANG_WARN_NON_LITERAL_NULL_CONVERSION = YES;
				CLANG_WARN_OBJC_IMPLICIT_RETAIN_SELF = YES;
				CLANG_WARN_OBJC_LITERAL_CONVERSION = YES;
				CLANG_WARN_OBJC_ROOT_CLASS = YES_ERROR;
				CLANG_WARN_QUOTED_INCLUDE_IN_FRAMEWORK_HEADER = YES;
				CLANG_WARN_RANGE_LOOP_ANALYSIS = YES;
				CLANG_WARN_STRICT_PROTOTYPES = YES;
				CLANG_WARN_SUSPICIOUS_MOVE = YES;
				CLANG_WARN_UNGUARDED_AVAILABILITY = YES_AGGRESSIVE;
				CLANG_WARN_UNREACHABLE_CODE = YES;
				CLANG_WARN__DUPLICATE_METHOD_MATCH = YES;
				COPY_PHASE_STRIP = NO;
				DEAD_CODE_STRIPPING = YES;
				DEBUG_INFORMATION_FORMAT = dwarf;
				ENABLE_STRICT_OBJC_MSGSEND = YES;
				ENABLE_TESTABILITY = YES;
				GCC_C_LANGUAGE_STANDARD = gnu11;
				GCC_DYNAMIC_NO_PIC = NO;
				GCC_NO_COMMON_BLOCKS = YES;
				GCC_OPTIMIZATION_LEVEL = 0;
				GCC_PREPROCESSOR_DEFINITIONS = (
					"DEBUG=1",
					"$(inherited)",
				);
				GCC_WARN_64_TO_32_BIT_CONVERSION = YES;
				GCC_WARN_ABOUT_RETURN_TYPE = YES_ERROR;
				GCC_WARN_UNDECLARED_SELECTOR = YES;
				GCC_WARN_UNINITIALIZED_AUTOS = YES_AGGRESSIVE;
				GCC_WARN_UNUSED_FUNCTION = YES;
				GCC_WARN_UNUSED_VARIABLE = YES;
				MTL_ENABLE_DEBUG_INFO = INCLUDE_SOURCE;
				MTL_FAST_MATH = YES;
				ONLY_ACTIVE_ARCH = YES;
				SWIFT_ACTIVE_COMPILATION_CONDITIONS = DEBUG;
				SWIFT_OPTIMIZATION_LEVEL = "-Onone";
			};
			name = Debug;
		};
		2F1007D6291A00C9004CE72E /* Release */ = {
			isa = XCBuildConfiguration;
			buildSettings = {
				ALWAYS_SEARCH_USER_PATHS = NO;
				CLANG_ANALYZER_NONNULL = YES;
				CLANG_ANALYZER_NUMBER_OBJECT_CONVERSION = YES_AGGRESSIVE;
				CLANG_CXX_LANGUAGE_STANDARD = "gnu++20";
				CLANG_ENABLE_MODULES = YES;
				CLANG_ENABLE_OBJC_ARC = YES;
				CLANG_ENABLE_OBJC_WEAK = YES;
				CLANG_WARN_BLOCK_CAPTURE_AUTORELEASING = YES;
				CLANG_WARN_BOOL_CONVERSION = YES;
				CLANG_WARN_COMMA = YES;
				CLANG_WARN_CONSTANT_CONVERSION = YES;
				CLANG_WARN_DEPRECATED_OBJC_IMPLEMENTATIONS = YES;
				CLANG_WARN_DIRECT_OBJC_ISA_USAGE = YES_ERROR;
				CLANG_WARN_DOCUMENTATION_COMMENTS = YES;
				CLANG_WARN_EMPTY_BODY = YES;
				CLANG_WARN_ENUM_CONVERSION = YES;
				CLANG_WARN_INFINITE_RECURSION = YES;
				CLANG_WARN_INT_CONVERSION = YES;
				CLANG_WARN_NON_LITERAL_NULL_CONVERSION = YES;
				CLANG_WARN_OBJC_IMPLICIT_RETAIN_SELF = YES;
				CLANG_WARN_OBJC_LITERAL_CONVERSION = YES;
				CLANG_WARN_OBJC_ROOT_CLASS = YES_ERROR;
				CLANG_WARN_QUOTED_INCLUDE_IN_FRAMEWORK_HEADER = YES;
				CLANG_WARN_RANGE_LOOP_ANALYSIS = YES;
				CLANG_WARN_STRICT_PROTOTYPES = YES;
				CLANG_WARN_SUSPICIOUS_MOVE = YES;
				CLANG_WARN_UNGUARDED_AVAILABILITY = YES_AGGRESSIVE;
				CLANG_WARN_UNREACHABLE_CODE = YES;
				CLANG_WARN__DUPLICATE_METHOD_MATCH = YES;
				COPY_PHASE_STRIP = NO;
				DEAD_CODE_STRIPPING = YES;
				DEBUG_INFORMATION_FORMAT = "dwarf-with-dsym";
				ENABLE_NS_ASSERTIONS = NO;
				ENABLE_STRICT_OBJC_MSGSEND = YES;
				GCC_C_LANGUAGE_STANDARD = gnu11;
				GCC_NO_COMMON_BLOCKS = YES;
				GCC_WARN_64_TO_32_BIT_CONVERSION = YES;
				GCC_WARN_ABOUT_RETURN_TYPE = YES_ERROR;
				GCC_WARN_UNDECLARED_SELECTOR = YES;
				GCC_WARN_UNINITIALIZED_AUTOS = YES_AGGRESSIVE;
				GCC_WARN_UNUSED_FUNCTION = YES;
				GCC_WARN_UNUSED_VARIABLE = YES;
				MTL_ENABLE_DEBUG_INFO = NO;
				MTL_FAST_MATH = YES;
				SWIFT_COMPILATION_MODE = wholemodule;
				SWIFT_OPTIMIZATION_LEVEL = "-O";
			};
			name = Release;
		};
		2F1007D8291A00C9004CE72E /* Debug */ = {
			isa = XCBuildConfiguration;
			buildSettings = {
				ALWAYS_EMBED_SWIFT_STANDARD_LIBRARIES = YES;
				ASSETCATALOG_COMPILER_APPICON_NAME = AppIcon;
				ASSETCATALOG_COMPILER_GLOBAL_ACCENT_COLOR_NAME = AccentColor;
				CODE_SIGN_ENTITLEMENTS = "FastTrack iOS App/FastTrack iOS.entitlements";
				CODE_SIGN_IDENTITY = "-";
				"CODE_SIGN_IDENTITY[sdk=iphoneos*]" = "Apple Development";
				CODE_SIGN_STYLE = Automatic;
				CURRENT_PROJECT_VERSION = 4;
				DEAD_CODE_STRIPPING = YES;
				DEVELOPMENT_ASSET_PATHS = "FastTrack\\ iOS\\ App/Preview\\ Content";
				DEVELOPMENT_TEAM = 4BP826FJGX;
				ENABLE_HARDENED_RUNTIME = YES;
				ENABLE_PREVIEWS = YES;
				GENERATE_INFOPLIST_FILE = YES;
				INFOPLIST_FILE = "FastTrack iOS App/Info.plist";
				INFOPLIST_KEY_CFBundleDisplayName = FastTrack;
				INFOPLIST_KEY_LSApplicationCategoryType = "public.app-category.lifestyle";
				"INFOPLIST_KEY_UIApplicationSceneManifest_Generation[sdk=iphoneos*]" = YES;
				"INFOPLIST_KEY_UIApplicationSceneManifest_Generation[sdk=iphonesimulator*]" = YES;
				"INFOPLIST_KEY_UIApplicationSupportsIndirectInputEvents[sdk=iphoneos*]" = YES;
				"INFOPLIST_KEY_UIApplicationSupportsIndirectInputEvents[sdk=iphonesimulator*]" = YES;
				"INFOPLIST_KEY_UILaunchScreen_Generation[sdk=iphoneos*]" = YES;
				"INFOPLIST_KEY_UILaunchScreen_Generation[sdk=iphonesimulator*]" = YES;
				"INFOPLIST_KEY_UIStatusBarStyle[sdk=iphoneos*]" = UIStatusBarStyleDefault;
				"INFOPLIST_KEY_UIStatusBarStyle[sdk=iphonesimulator*]" = UIStatusBarStyleDefault;
				INFOPLIST_KEY_UISupportedInterfaceOrientations_iPad = "UIInterfaceOrientationPortrait UIInterfaceOrientationPortraitUpsideDown UIInterfaceOrientationLandscapeLeft UIInterfaceOrientationLandscapeRight";
				INFOPLIST_KEY_UISupportedInterfaceOrientations_iPhone = "UIInterfaceOrientationPortrait UIInterfaceOrientationLandscapeLeft UIInterfaceOrientationLandscapeRight";
				IPHONEOS_DEPLOYMENT_TARGET = 16.1;
				LD_RUNPATH_SEARCH_PATHS = "@executable_path/Frameworks";
				"LD_RUNPATH_SEARCH_PATHS[sdk=macosx*]" = "@executable_path/../Frameworks";
				MACOSX_DEPLOYMENT_TARGET = 13.0;
				MARKETING_VERSION = 1.0;
				PRODUCT_BUNDLE_IDENTIFIER = dev.neurothrone.FastTrack;
				PRODUCT_NAME = FastTrack;
				SDKROOT = auto;
				SUPPORTED_PLATFORMS = "iphoneos iphonesimulator";
				SUPPORTS_MACCATALYST = NO;
				SUPPORTS_MAC_DESIGNED_FOR_IPHONE_IPAD = NO;
				SWIFT_EMIT_LOC_STRINGS = YES;
				SWIFT_VERSION = 5.0;
				TARGETED_DEVICE_FAMILY = "1,2";
			};
			name = Debug;
		};
		2F1007D9291A00C9004CE72E /* Release */ = {
			isa = XCBuildConfiguration;
			buildSettings = {
				ALWAYS_EMBED_SWIFT_STANDARD_LIBRARIES = YES;
				ASSETCATALOG_COMPILER_APPICON_NAME = AppIcon;
				ASSETCATALOG_COMPILER_GLOBAL_ACCENT_COLOR_NAME = AccentColor;
				CODE_SIGN_ENTITLEMENTS = "FastTrack iOS App/FastTrack iOS.entitlements";
				CODE_SIGN_IDENTITY = "-";
				"CODE_SIGN_IDENTITY[sdk=iphoneos*]" = "Apple Development";
				CODE_SIGN_STYLE = Automatic;
				CURRENT_PROJECT_VERSION = 4;
				DEAD_CODE_STRIPPING = YES;
				DEVELOPMENT_ASSET_PATHS = "FastTrack\\ iOS\\ App/Preview\\ Content";
				DEVELOPMENT_TEAM = 4BP826FJGX;
				ENABLE_HARDENED_RUNTIME = YES;
				ENABLE_PREVIEWS = YES;
				GENERATE_INFOPLIST_FILE = YES;
				INFOPLIST_FILE = "FastTrack iOS App/Info.plist";
				INFOPLIST_KEY_CFBundleDisplayName = FastTrack;
				INFOPLIST_KEY_LSApplicationCategoryType = "public.app-category.lifestyle";
				"INFOPLIST_KEY_UIApplicationSceneManifest_Generation[sdk=iphoneos*]" = YES;
				"INFOPLIST_KEY_UIApplicationSceneManifest_Generation[sdk=iphonesimulator*]" = YES;
				"INFOPLIST_KEY_UIApplicationSupportsIndirectInputEvents[sdk=iphoneos*]" = YES;
				"INFOPLIST_KEY_UIApplicationSupportsIndirectInputEvents[sdk=iphonesimulator*]" = YES;
				"INFOPLIST_KEY_UILaunchScreen_Generation[sdk=iphoneos*]" = YES;
				"INFOPLIST_KEY_UILaunchScreen_Generation[sdk=iphonesimulator*]" = YES;
				"INFOPLIST_KEY_UIStatusBarStyle[sdk=iphoneos*]" = UIStatusBarStyleDefault;
				"INFOPLIST_KEY_UIStatusBarStyle[sdk=iphonesimulator*]" = UIStatusBarStyleDefault;
				INFOPLIST_KEY_UISupportedInterfaceOrientations_iPad = "UIInterfaceOrientationPortrait UIInterfaceOrientationPortraitUpsideDown UIInterfaceOrientationLandscapeLeft UIInterfaceOrientationLandscapeRight";
				INFOPLIST_KEY_UISupportedInterfaceOrientations_iPhone = "UIInterfaceOrientationPortrait UIInterfaceOrientationLandscapeLeft UIInterfaceOrientationLandscapeRight";
				IPHONEOS_DEPLOYMENT_TARGET = 16.1;
				LD_RUNPATH_SEARCH_PATHS = "@executable_path/Frameworks";
				"LD_RUNPATH_SEARCH_PATHS[sdk=macosx*]" = "@executable_path/../Frameworks";
				MACOSX_DEPLOYMENT_TARGET = 13.0;
				MARKETING_VERSION = 1.0;
				PRODUCT_BUNDLE_IDENTIFIER = dev.neurothrone.FastTrack;
				PRODUCT_NAME = FastTrack;
				SDKROOT = auto;
				SUPPORTED_PLATFORMS = "iphoneos iphonesimulator";
				SUPPORTS_MACCATALYST = NO;
				SUPPORTS_MAC_DESIGNED_FOR_IPHONE_IPAD = NO;
				SWIFT_EMIT_LOC_STRINGS = YES;
				SWIFT_VERSION = 5.0;
				TARGETED_DEVICE_FAMILY = "1,2";
			};
			name = Release;
		};
		2F8D2A0E293FF744002AA901 /* Debug */ = {
			isa = XCBuildConfiguration;
			buildSettings = {
				ASSETCATALOG_COMPILER_APPICON_NAME = AppIcon;
				ASSETCATALOG_COMPILER_GLOBAL_ACCENT_COLOR_NAME = AccentColor;
				CODE_SIGN_ENTITLEMENTS = "FastTrack Watch App/FastTrack Watch App.entitlements";
				CODE_SIGN_STYLE = Automatic;
				CURRENT_PROJECT_VERSION = 1;
				DEVELOPMENT_ASSET_PATHS = "\"FastTrack Watch App/Preview Content\"";
				DEVELOPMENT_TEAM = 4BP826FJGX;
				ENABLE_PREVIEWS = YES;
				GENERATE_INFOPLIST_FILE = YES;
				INFOPLIST_FILE = Info.plist;
				INFOPLIST_KEY_CFBundleDisplayName = FastTrack;
				INFOPLIST_KEY_UISupportedInterfaceOrientations = "UIInterfaceOrientationPortrait UIInterfaceOrientationPortraitUpsideDown";
				INFOPLIST_KEY_WKCompanionAppBundleIdentifier = dev.neurothrone.FastTrack;
				LD_RUNPATH_SEARCH_PATHS = (
					"$(inherited)",
					"@executable_path/Frameworks",
				);
				MARKETING_VERSION = 1.0;
				PRODUCT_BUNDLE_IDENTIFIER = dev.neurothrone.FastTrack.watchkitapp;
				PRODUCT_NAME = "$(TARGET_NAME)";
				SDKROOT = watchos;
				SKIP_INSTALL = YES;
				SWIFT_EMIT_LOC_STRINGS = YES;
				SWIFT_VERSION = 5.0;
				TARGETED_DEVICE_FAMILY = 4;
				WATCHOS_DEPLOYMENT_TARGET = 9.1;
			};
			name = Debug;
		};
		2F8D2A0F293FF744002AA901 /* Release */ = {
			isa = XCBuildConfiguration;
			buildSettings = {
				ASSETCATALOG_COMPILER_APPICON_NAME = AppIcon;
				ASSETCATALOG_COMPILER_GLOBAL_ACCENT_COLOR_NAME = AccentColor;
				CODE_SIGN_ENTITLEMENTS = "FastTrack Watch App/FastTrack Watch App.entitlements";
				CODE_SIGN_STYLE = Automatic;
				CURRENT_PROJECT_VERSION = 1;
				DEVELOPMENT_ASSET_PATHS = "\"FastTrack Watch App/Preview Content\"";
				DEVELOPMENT_TEAM = 4BP826FJGX;
				ENABLE_PREVIEWS = YES;
				GENERATE_INFOPLIST_FILE = YES;
				INFOPLIST_FILE = Info.plist;
				INFOPLIST_KEY_CFBundleDisplayName = FastTrack;
				INFOPLIST_KEY_UISupportedInterfaceOrientations = "UIInterfaceOrientationPortrait UIInterfaceOrientationPortraitUpsideDown";
				INFOPLIST_KEY_WKCompanionAppBundleIdentifier = dev.neurothrone.FastTrack;
				LD_RUNPATH_SEARCH_PATHS = (
					"$(inherited)",
					"@executable_path/Frameworks",
				);
				MARKETING_VERSION = 1.0;
				PRODUCT_BUNDLE_IDENTIFIER = dev.neurothrone.FastTrack.watchkitapp;
				PRODUCT_NAME = "$(TARGET_NAME)";
				SDKROOT = watchos;
				SKIP_INSTALL = YES;
				SWIFT_EMIT_LOC_STRINGS = YES;
				SWIFT_VERSION = 5.0;
				TARGETED_DEVICE_FAMILY = 4;
				VALIDATE_PRODUCT = YES;
				WATCHOS_DEPLOYMENT_TARGET = 9.1;
			};
			name = Release;
		};
		2FBDE32429507F80000A7232 /* Debug */ = {
			isa = XCBuildConfiguration;
			buildSettings = {
				ASSETCATALOG_COMPILER_APPICON_NAME = AppIcon;
				ASSETCATALOG_COMPILER_GLOBAL_ACCENT_COLOR_NAME = AccentColor;
				CODE_SIGN_ENTITLEMENTS = "FastTrack Mac App/FastTrack MacOS.entitlements";
				CODE_SIGN_IDENTITY = "Apple Development";
				CODE_SIGN_STYLE = Automatic;
				COMBINE_HIDPI_IMAGES = YES;
				CURRENT_PROJECT_VERSION = 1;
				DEAD_CODE_STRIPPING = YES;
				DEVELOPMENT_ASSET_PATHS = "\"FastTrack Mac App/Preview Content\"";
				DEVELOPMENT_TEAM = 4BP826FJGX;
				ENABLE_HARDENED_RUNTIME = YES;
				ENABLE_PREVIEWS = YES;
				GENERATE_INFOPLIST_FILE = YES;
				INFOPLIST_KEY_CFBundleDisplayName = FastTrack;
				INFOPLIST_KEY_LSApplicationCategoryType = "public.app-category.lifestyle";
				INFOPLIST_KEY_NSHumanReadableCopyright = "";
				LD_RUNPATH_SEARCH_PATHS = (
					"$(inherited)",
					"@executable_path/../Frameworks",
				);
				MACOSX_DEPLOYMENT_TARGET = 13.1;
				MARKETING_VERSION = 1.0;
				PRODUCT_BUNDLE_IDENTIFIER = dev.neurothrone.FastTrack;
				PRODUCT_NAME = "$(TARGET_NAME)";
				PROVISIONING_PROFILE_SPECIFIER = "";
				SDKROOT = macosx;
				SWIFT_EMIT_LOC_STRINGS = YES;
				SWIFT_VERSION = 5.0;
			};
			name = Debug;
		};
		2FBDE32529507F80000A7232 /* Release */ = {
			isa = XCBuildConfiguration;
			buildSettings = {
				ASSETCATALOG_COMPILER_APPICON_NAME = AppIcon;
				ASSETCATALOG_COMPILER_GLOBAL_ACCENT_COLOR_NAME = AccentColor;
				CODE_SIGN_ENTITLEMENTS = "FastTrack Mac App/FastTrack MacOS.entitlements";
				CODE_SIGN_IDENTITY = "Apple Development";
				CODE_SIGN_STYLE = Automatic;
				COMBINE_HIDPI_IMAGES = YES;
				CURRENT_PROJECT_VERSION = 1;
				DEAD_CODE_STRIPPING = YES;
				DEVELOPMENT_ASSET_PATHS = "\"FastTrack Mac App/Preview Content\"";
				DEVELOPMENT_TEAM = 4BP826FJGX;
				ENABLE_HARDENED_RUNTIME = YES;
				ENABLE_PREVIEWS = YES;
				GENERATE_INFOPLIST_FILE = YES;
				INFOPLIST_KEY_CFBundleDisplayName = FastTrack;
				INFOPLIST_KEY_LSApplicationCategoryType = "public.app-category.lifestyle";
				INFOPLIST_KEY_NSHumanReadableCopyright = "";
				LD_RUNPATH_SEARCH_PATHS = (
					"$(inherited)",
					"@executable_path/../Frameworks",
				);
				MACOSX_DEPLOYMENT_TARGET = 13.1;
				MARKETING_VERSION = 1.0;
				PRODUCT_BUNDLE_IDENTIFIER = dev.neurothrone.FastTrack;
				PRODUCT_NAME = "$(TARGET_NAME)";
				PROVISIONING_PROFILE_SPECIFIER = "";
				SDKROOT = macosx;
				SWIFT_EMIT_LOC_STRINGS = YES;
				SWIFT_VERSION = 5.0;
			};
			name = Release;
		};
/* End XCBuildConfiguration section */

/* Begin XCConfigurationList section */
		2F0AA8BF294B1A8600413753 /* Build configuration list for PBXNativeTarget "FastTrackTests" */ = {
			isa = XCConfigurationList;
			buildConfigurations = (
				2F0AA8C0294B1A8600413753 /* Debug */,
				2F0AA8C1294B1A8600413753 /* Release */,
			);
			defaultConfigurationIsVisible = 0;
			defaultConfigurationName = Release;
		};
		2F0AA8CE294B1A8D00413753 /* Build configuration list for PBXNativeTarget "FastTrackUITests" */ = {
			isa = XCConfigurationList;
			buildConfigurations = (
				2F0AA8CF294B1A8D00413753 /* Debug */,
				2F0AA8D0294B1A8D00413753 /* Release */,
			);
			defaultConfigurationIsVisible = 0;
			defaultConfigurationName = Release;
		};
		2F1007C3291A00C8004CE72E /* Build configuration list for PBXProject "FastTrack" */ = {
			isa = XCConfigurationList;
			buildConfigurations = (
				2F1007D5291A00C9004CE72E /* Debug */,
				2F1007D6291A00C9004CE72E /* Release */,
			);
			defaultConfigurationIsVisible = 0;
			defaultConfigurationName = Release;
		};
		2F1007D7291A00C9004CE72E /* Build configuration list for PBXNativeTarget "FastTrack iOS App" */ = {
			isa = XCConfigurationList;
			buildConfigurations = (
				2F1007D8291A00C9004CE72E /* Debug */,
				2F1007D9291A00C9004CE72E /* Release */,
			);
			defaultConfigurationIsVisible = 0;
			defaultConfigurationName = Release;
		};
		2F8D2A0D293FF744002AA901 /* Build configuration list for PBXNativeTarget "FastTrack Watch App" */ = {
			isa = XCConfigurationList;
			buildConfigurations = (
				2F8D2A0E293FF744002AA901 /* Debug */,
				2F8D2A0F293FF744002AA901 /* Release */,
			);
			defaultConfigurationIsVisible = 0;
			defaultConfigurationName = Release;
		};
		2FBDE32329507F80000A7232 /* Build configuration list for PBXNativeTarget "FastTrack Mac App" */ = {
			isa = XCConfigurationList;
			buildConfigurations = (
				2FBDE32429507F80000A7232 /* Debug */,
				2FBDE32529507F80000A7232 /* Release */,
			);
			defaultConfigurationIsVisible = 0;
			defaultConfigurationName = Release;
		};
/* End XCConfigurationList section */

/* Begin XCVersionGroup section */
		2F1007E9291A02DC004CE72E /* Entities.xcdatamodeld */ = {
			isa = XCVersionGroup;
			children = (
				2F1007EA291A02DC004CE72E /* Entities.xcdatamodel */,
			);
			currentVersion = 2F1007EA291A02DC004CE72E /* Entities.xcdatamodel */;
			path = Entities.xcdatamodeld;
			sourceTree = "<group>";
			versionGroupType = wrapper.xcdatamodel;
		};
/* End XCVersionGroup section */
	};
	rootObject = 2F1007C0291A00C8004CE72E /* Project object */;
}
