// !$*UTF8*$!
{
	archiveVersion = 1;
	classes = {
	};
	objectVersion = 56;
	objects = {

/* Begin PBXBuildFile section */
		2F1007CC291A00C8004CE72E /* CortexOfFastingApp.swift in Sources */ = {isa = PBXBuildFile; fileRef = 2F1007CB291A00C8004CE72E /* CortexOfFastingApp.swift */; };
		2F1007CE291A00C8004CE72E /* ContentView.swift in Sources */ = {isa = PBXBuildFile; fileRef = 2F1007CD291A00C8004CE72E /* ContentView.swift */; };
		2F1007D0291A00C9004CE72E /* Assets.xcassets in Resources */ = {isa = PBXBuildFile; fileRef = 2F1007CF291A00C9004CE72E /* Assets.xcassets */; };
		2F1007D4291A00C9004CE72E /* Preview Assets.xcassets in Resources */ = {isa = PBXBuildFile; fileRef = 2F1007D3291A00C9004CE72E /* Preview Assets.xcassets */; };
		2F1007DE291A0244004CE72E /* ActiveWeekScreen.swift in Sources */ = {isa = PBXBuildFile; fileRef = 2F1007DD291A0244004CE72E /* ActiveWeekScreen.swift */; };
		2F1007E0291A0249004CE72E /* AllWeeksScreen.swift in Sources */ = {isa = PBXBuildFile; fileRef = 2F1007DF291A0249004CE72E /* AllWeeksScreen.swift */; };
		2F1007E2291A024F004CE72E /* SettingsScreen.swift in Sources */ = {isa = PBXBuildFile; fileRef = 2F1007E1291A024F004CE72E /* SettingsScreen.swift */; };
		2F1007E6291A02D0004CE72E /* CoreDataProvider.swift in Sources */ = {isa = PBXBuildFile; fileRef = 2F1007E5291A02D0004CE72E /* CoreDataProvider.swift */; };
		2F1007E8291A02D6004CE72E /* CoreDataProvider+Extensions.swift in Sources */ = {isa = PBXBuildFile; fileRef = 2F1007E7291A02D6004CE72E /* CoreDataProvider+Extensions.swift */; };
		2F1007EB291A02DC004CE72E /* Entities.xcdatamodeld in Sources */ = {isa = PBXBuildFile; fileRef = 2F1007E9291A02DC004CE72E /* Entities.xcdatamodeld */; };
		2F1007EE291A03A5004CE72E /* FastLog+CoreDataClass.swift in Sources */ = {isa = PBXBuildFile; fileRef = 2F1007EC291A03A5004CE72E /* FastLog+CoreDataClass.swift */; };
		2F1007F1291A03F2004CE72E /* FastLog+Extensions.swift in Sources */ = {isa = PBXBuildFile; fileRef = 2F1007F0291A03F2004CE72E /* FastLog+Extensions.swift */; };
		2F1007F4291A0451004CE72E /* Date+Extensions.swift in Sources */ = {isa = PBXBuildFile; fileRef = 2F1007F3291A0451004CE72E /* Date+Extensions.swift */; };
		2F1007F6291A0464004CE72E /* Collection+Extensions.swift in Sources */ = {isa = PBXBuildFile; fileRef = 2F1007F5291A0464004CE72E /* Collection+Extensions.swift */; };
		2F1007F8291A047A004CE72E /* TimeInterval+Extensions.swift in Sources */ = {isa = PBXBuildFile; fileRef = 2F1007F7291A047A004CE72E /* TimeInterval+Extensions.swift */; };
		2F1007FA291A0484004CE72E /* URL+Extensions.swift in Sources */ = {isa = PBXBuildFile; fileRef = 2F1007F9291A0484004CE72E /* URL+Extensions.swift */; };
		2F1007FC291A06C9004CE72E /* FastLog+Preview.swift in Sources */ = {isa = PBXBuildFile; fileRef = 2F1007FB291A06C9004CE72E /* FastLog+Preview.swift */; };
		2F100804291A10CB004CE72E /* NSManagedObject+Extensions.swift in Sources */ = {isa = PBXBuildFile; fileRef = 2F100803291A10CB004CE72E /* NSManagedObject+Extensions.swift */; };
		2F100808291A1D50004CE72E /* DateFormatter+Extensions.swift in Sources */ = {isa = PBXBuildFile; fileRef = 2F100807291A1D50004CE72E /* DateFormatter+Extensions.swift */; };
		2F10080D291A3BCF004CE72E /* WeekDetailScreen.swift in Sources */ = {isa = PBXBuildFile; fileRef = 2F10080C291A3BCF004CE72E /* WeekDetailScreen.swift */; };
		2F100815291B5468004CE72E /* LogListRowView.swift in Sources */ = {isa = PBXBuildFile; fileRef = 2F100814291B5468004CE72E /* LogListRowView.swift */; };
		2F100818291BD0E2004CE72E /* ProgressMeterView.swift in Sources */ = {isa = PBXBuildFile; fileRef = 2F100817291BD0E2004CE72E /* ProgressMeterView.swift */; };
		2F10081A291BF084004CE72E /* Tab.swift in Sources */ = {isa = PBXBuildFile; fileRef = 2F100819291BF084004CE72E /* Tab.swift */; };
		2F10081C291BF760004CE72E /* View+Extensions.swift in Sources */ = {isa = PBXBuildFile; fileRef = 2F10081B291BF760004CE72E /* View+Extensions.swift */; };
		2F7B8743291CC9B0008E889C /* CustomSwipeView.swift in Sources */ = {isa = PBXBuildFile; fileRef = 2F7B8742291CC9B0008E889C /* CustomSwipeView.swift */; };
		2F7B8773291E4AF0008E889C /* SwipeableLogView.swift in Sources */ = {isa = PBXBuildFile; fileRef = 2F7B8772291E4AF0008E889C /* SwipeableLogView.swift */; };
		2F7B8775291E4B74008E889C /* Constants.swift in Sources */ = {isa = PBXBuildFile; fileRef = 2F7B8774291E4B74008E889C /* Constants.swift */; };
		2F7B8777291E4BED008E889C /* AboutSheet.swift in Sources */ = {isa = PBXBuildFile; fileRef = 2F7B8776291E4BED008E889C /* AboutSheet.swift */; };
		2F7B8779291E4BF3008E889C /* DeleteAllDataSheet.swift in Sources */ = {isa = PBXBuildFile; fileRef = 2F7B8778291E4BF3008E889C /* DeleteAllDataSheet.swift */; };
		2F7B877B291E4C37008E889C /* CustomLinkView.swift in Sources */ = {isa = PBXBuildFile; fileRef = 2F7B877A291E4C37008E889C /* CustomLinkView.swift */; };
		2F7B877D291FAA5B008E889C /* Double+Extensions.swift in Sources */ = {isa = PBXBuildFile; fileRef = 2F7B877C291FAA5B008E889C /* Double+Extensions.swift */; };
		2F7B877F291FAB99008E889C /* ActiveWeekLogListView.swift in Sources */ = {isa = PBXBuildFile; fileRef = 2F7B877E291FAB99008E889C /* ActiveWeekLogListView.swift */; };
		2F7B87952922B095008E889C /* UIApplication+Extensions.swift in Sources */ = {isa = PBXBuildFile; fileRef = 2F7B87942922B095008E889C /* UIApplication+Extensions.swift */; };
		2F7B879F292527F2008E889C /* ActiveLogView.swift in Sources */ = {isa = PBXBuildFile; fileRef = 2F7B879E292527F2008E889C /* ActiveLogView.swift */; };
		2F7B87A129253367008E889C /* LogListProgressMeterView.swift in Sources */ = {isa = PBXBuildFile; fileRef = 2F7B87A029253367008E889C /* LogListProgressMeterView.swift */; };
		2F7B87A529255E72008E889C /* AddManualLogSheet.swift in Sources */ = {isa = PBXBuildFile; fileRef = 2F7B87A429255E72008E889C /* AddManualLogSheet.swift */; };
		2F7B87A729256189008E889C /* DatePickerDisplayMode.swift in Sources */ = {isa = PBXBuildFile; fileRef = 2F7B87A629256189008E889C /* DatePickerDisplayMode.swift */; };
		2F7B87AB29259F1A008E889C /* CustomDatePicker.swift in Sources */ = {isa = PBXBuildFile; fileRef = 2F7B87AA29259F1A008E889C /* CustomDatePicker.swift */; };
		2F7B87BD2926D001008E889C /* WeeklyFastingHoursGoal.swift in Sources */ = {isa = PBXBuildFile; fileRef = 2F7B87BC2926D001008E889C /* WeeklyFastingHoursGoal.swift */; };
		2F7B87BF2926E4F0008E889C /* SetWeeklyGoalView.swift in Sources */ = {isa = PBXBuildFile; fileRef = 2F7B87BE2926E4F0008E889C /* SetWeeklyGoalView.swift */; };
		2F7B87C22927F7B7008E889C /* ShortcutsFastLogEntity.swift in Sources */ = {isa = PBXBuildFile; fileRef = 2F7B87C12927F7B7008E889C /* ShortcutsFastLogEntity.swift */; };
		2F7B87C42927FAAC008E889C /* CustomErrors.swift in Sources */ = {isa = PBXBuildFile; fileRef = 2F7B87C32927FAAC008E889C /* CustomErrors.swift */; };
		2F7B87C72927FCC3008E889C /* CreatePartialLog.swift in Sources */ = {isa = PBXBuildFile; fileRef = 2F7B87C62927FCC3008E889C /* CreatePartialLog.swift */; };
		2F7B87C92927FCCA008E889C /* CompletePartialLog.swift in Sources */ = {isa = PBXBuildFile; fileRef = 2F7B87C82927FCCA008E889C /* CompletePartialLog.swift */; };
		2F7B87CB2927FCCF008E889C /* ResetPartialLog.swift in Sources */ = {isa = PBXBuildFile; fileRef = 2F7B87CA2927FCCF008E889C /* ResetPartialLog.swift */; };
		2F7B87CD2927FECC008E889C /* LogView.swift in Sources */ = {isa = PBXBuildFile; fileRef = 2F7B87CC2927FECC008E889C /* LogView.swift */; };
		2F7B87CF2927FF48008E889C /* OpenLog.swift in Sources */ = {isa = PBXBuildFile; fileRef = 2F7B87CE2927FF48008E889C /* OpenLog.swift */; };
		2F7B87D129280589008E889C /* AppShortcuts.swift in Sources */ = {isa = PBXBuildFile; fileRef = 2F7B87D029280589008E889C /* AppShortcuts.swift */; };
		2F7B87D3292805C3008E889C /* StartFastingIntent.swift in Sources */ = {isa = PBXBuildFile; fileRef = 2F7B87D2292805C3008E889C /* StartFastingIntent.swift */; };
		2F7B87D529280D84008E889C /* CompleteFastingIntent.swift in Sources */ = {isa = PBXBuildFile; fileRef = 2F7B87D429280D84008E889C /* CompleteFastingIntent.swift */; };
		2F7B87D729280D89008E889C /* ResetFastingIntent.swift in Sources */ = {isa = PBXBuildFile; fileRef = 2F7B87D629280D89008E889C /* ResetFastingIntent.swift */; };
		2FA949DC291BFE1400AF51FD /* SectionHeaderView.swift in Sources */ = {isa = PBXBuildFile; fileRef = 2FA949DB291BFE1400AF51FD /* SectionHeaderView.swift */; };
		2FA949DE291C9FE800AF51FD /* GradientButtonView.swift in Sources */ = {isa = PBXBuildFile; fileRef = 2FA949DD291C9FE800AF51FD /* GradientButtonView.swift */; };
/* End PBXBuildFile section */

/* Begin PBXFileReference section */
		2F1007C8291A00C8004CE72E /* CortexOfFasting.app */ = {isa = PBXFileReference; explicitFileType = wrapper.application; includeInIndex = 0; path = CortexOfFasting.app; sourceTree = BUILT_PRODUCTS_DIR; };
		2F1007CB291A00C8004CE72E /* CortexOfFastingApp.swift */ = {isa = PBXFileReference; lastKnownFileType = sourcecode.swift; path = CortexOfFastingApp.swift; sourceTree = "<group>"; };
		2F1007CD291A00C8004CE72E /* ContentView.swift */ = {isa = PBXFileReference; lastKnownFileType = sourcecode.swift; path = ContentView.swift; sourceTree = "<group>"; };
		2F1007CF291A00C9004CE72E /* Assets.xcassets */ = {isa = PBXFileReference; lastKnownFileType = folder.assetcatalog; path = Assets.xcassets; sourceTree = "<group>"; };
		2F1007D1291A00C9004CE72E /* CortexOfFasting.entitlements */ = {isa = PBXFileReference; lastKnownFileType = text.plist.entitlements; path = CortexOfFasting.entitlements; sourceTree = "<group>"; };
		2F1007D3291A00C9004CE72E /* Preview Assets.xcassets */ = {isa = PBXFileReference; lastKnownFileType = folder.assetcatalog; path = "Preview Assets.xcassets"; sourceTree = "<group>"; };
		2F1007DD291A0244004CE72E /* ActiveWeekScreen.swift */ = {isa = PBXFileReference; lastKnownFileType = sourcecode.swift; path = ActiveWeekScreen.swift; sourceTree = "<group>"; };
		2F1007DF291A0249004CE72E /* AllWeeksScreen.swift */ = {isa = PBXFileReference; lastKnownFileType = sourcecode.swift; path = AllWeeksScreen.swift; sourceTree = "<group>"; };
		2F1007E1291A024F004CE72E /* SettingsScreen.swift */ = {isa = PBXFileReference; lastKnownFileType = sourcecode.swift; path = SettingsScreen.swift; sourceTree = "<group>"; };
		2F1007E5291A02D0004CE72E /* CoreDataProvider.swift */ = {isa = PBXFileReference; lastKnownFileType = sourcecode.swift; path = CoreDataProvider.swift; sourceTree = "<group>"; };
		2F1007E7291A02D6004CE72E /* CoreDataProvider+Extensions.swift */ = {isa = PBXFileReference; lastKnownFileType = sourcecode.swift; path = "CoreDataProvider+Extensions.swift"; sourceTree = "<group>"; };
		2F1007EA291A02DC004CE72E /* Entities.xcdatamodel */ = {isa = PBXFileReference; lastKnownFileType = wrapper.xcdatamodel; path = Entities.xcdatamodel; sourceTree = "<group>"; };
		2F1007EC291A03A5004CE72E /* FastLog+CoreDataClass.swift */ = {isa = PBXFileReference; lastKnownFileType = sourcecode.swift; path = "FastLog+CoreDataClass.swift"; sourceTree = "<group>"; };
		2F1007F0291A03F2004CE72E /* FastLog+Extensions.swift */ = {isa = PBXFileReference; lastKnownFileType = sourcecode.swift; path = "FastLog+Extensions.swift"; sourceTree = "<group>"; };
		2F1007F3291A0451004CE72E /* Date+Extensions.swift */ = {isa = PBXFileReference; lastKnownFileType = sourcecode.swift; path = "Date+Extensions.swift"; sourceTree = "<group>"; };
		2F1007F5291A0464004CE72E /* Collection+Extensions.swift */ = {isa = PBXFileReference; lastKnownFileType = sourcecode.swift; path = "Collection+Extensions.swift"; sourceTree = "<group>"; };
		2F1007F7291A047A004CE72E /* TimeInterval+Extensions.swift */ = {isa = PBXFileReference; lastKnownFileType = sourcecode.swift; path = "TimeInterval+Extensions.swift"; sourceTree = "<group>"; };
		2F1007F9291A0484004CE72E /* URL+Extensions.swift */ = {isa = PBXFileReference; lastKnownFileType = sourcecode.swift; path = "URL+Extensions.swift"; sourceTree = "<group>"; };
		2F1007FB291A06C9004CE72E /* FastLog+Preview.swift */ = {isa = PBXFileReference; lastKnownFileType = sourcecode.swift; path = "FastLog+Preview.swift"; sourceTree = "<group>"; };
		2F100803291A10CB004CE72E /* NSManagedObject+Extensions.swift */ = {isa = PBXFileReference; lastKnownFileType = sourcecode.swift; path = "NSManagedObject+Extensions.swift"; sourceTree = "<group>"; };
		2F100807291A1D50004CE72E /* DateFormatter+Extensions.swift */ = {isa = PBXFileReference; lastKnownFileType = sourcecode.swift; path = "DateFormatter+Extensions.swift"; sourceTree = "<group>"; };
		2F10080C291A3BCF004CE72E /* WeekDetailScreen.swift */ = {isa = PBXFileReference; lastKnownFileType = sourcecode.swift; path = WeekDetailScreen.swift; sourceTree = "<group>"; };
		2F100814291B5468004CE72E /* LogListRowView.swift */ = {isa = PBXFileReference; lastKnownFileType = sourcecode.swift; path = LogListRowView.swift; sourceTree = "<group>"; };
		2F100817291BD0E2004CE72E /* ProgressMeterView.swift */ = {isa = PBXFileReference; lastKnownFileType = sourcecode.swift; path = ProgressMeterView.swift; sourceTree = "<group>"; };
		2F100819291BF084004CE72E /* Tab.swift */ = {isa = PBXFileReference; lastKnownFileType = sourcecode.swift; path = Tab.swift; sourceTree = "<group>"; };
		2F10081B291BF760004CE72E /* View+Extensions.swift */ = {isa = PBXFileReference; lastKnownFileType = sourcecode.swift; path = "View+Extensions.swift"; sourceTree = "<group>"; };
		2F7B8742291CC9B0008E889C /* CustomSwipeView.swift */ = {isa = PBXFileReference; lastKnownFileType = sourcecode.swift; path = CustomSwipeView.swift; sourceTree = "<group>"; };
		2F7B8772291E4AF0008E889C /* SwipeableLogView.swift */ = {isa = PBXFileReference; lastKnownFileType = sourcecode.swift; path = SwipeableLogView.swift; sourceTree = "<group>"; };
		2F7B8774291E4B74008E889C /* Constants.swift */ = {isa = PBXFileReference; lastKnownFileType = sourcecode.swift; path = Constants.swift; sourceTree = "<group>"; };
		2F7B8776291E4BED008E889C /* AboutSheet.swift */ = {isa = PBXFileReference; lastKnownFileType = sourcecode.swift; path = AboutSheet.swift; sourceTree = "<group>"; };
		2F7B8778291E4BF3008E889C /* DeleteAllDataSheet.swift */ = {isa = PBXFileReference; lastKnownFileType = sourcecode.swift; path = DeleteAllDataSheet.swift; sourceTree = "<group>"; };
		2F7B877A291E4C37008E889C /* CustomLinkView.swift */ = {isa = PBXFileReference; lastKnownFileType = sourcecode.swift; path = CustomLinkView.swift; sourceTree = "<group>"; };
		2F7B877C291FAA5B008E889C /* Double+Extensions.swift */ = {isa = PBXFileReference; lastKnownFileType = sourcecode.swift; path = "Double+Extensions.swift"; sourceTree = "<group>"; };
		2F7B877E291FAB99008E889C /* ActiveWeekLogListView.swift */ = {isa = PBXFileReference; lastKnownFileType = sourcecode.swift; path = ActiveWeekLogListView.swift; sourceTree = "<group>"; };
		2F7B87942922B095008E889C /* UIApplication+Extensions.swift */ = {isa = PBXFileReference; lastKnownFileType = sourcecode.swift; path = "UIApplication+Extensions.swift"; sourceTree = "<group>"; };
		2F7B879E292527F2008E889C /* ActiveLogView.swift */ = {isa = PBXFileReference; lastKnownFileType = sourcecode.swift; path = ActiveLogView.swift; sourceTree = "<group>"; };
		2F7B87A029253367008E889C /* LogListProgressMeterView.swift */ = {isa = PBXFileReference; lastKnownFileType = sourcecode.swift; path = LogListProgressMeterView.swift; sourceTree = "<group>"; };
		2F7B87A429255E72008E889C /* AddManualLogSheet.swift */ = {isa = PBXFileReference; lastKnownFileType = sourcecode.swift; path = AddManualLogSheet.swift; sourceTree = "<group>"; };
		2F7B87A629256189008E889C /* DatePickerDisplayMode.swift */ = {isa = PBXFileReference; lastKnownFileType = sourcecode.swift; path = DatePickerDisplayMode.swift; sourceTree = "<group>"; };
		2F7B87AA29259F1A008E889C /* CustomDatePicker.swift */ = {isa = PBXFileReference; lastKnownFileType = sourcecode.swift; path = CustomDatePicker.swift; sourceTree = "<group>"; };
		2F7B87BC2926D001008E889C /* WeeklyFastingHoursGoal.swift */ = {isa = PBXFileReference; lastKnownFileType = sourcecode.swift; path = WeeklyFastingHoursGoal.swift; sourceTree = "<group>"; };
		2F7B87BE2926E4F0008E889C /* SetWeeklyGoalView.swift */ = {isa = PBXFileReference; lastKnownFileType = sourcecode.swift; path = SetWeeklyGoalView.swift; sourceTree = "<group>"; };
		2F7B87C12927F7B7008E889C /* ShortcutsFastLogEntity.swift */ = {isa = PBXFileReference; lastKnownFileType = sourcecode.swift; path = ShortcutsFastLogEntity.swift; sourceTree = "<group>"; };
		2F7B87C32927FAAC008E889C /* CustomErrors.swift */ = {isa = PBXFileReference; lastKnownFileType = sourcecode.swift; path = CustomErrors.swift; sourceTree = "<group>"; };
		2F7B87C62927FCC3008E889C /* CreatePartialLog.swift */ = {isa = PBXFileReference; lastKnownFileType = sourcecode.swift; path = CreatePartialLog.swift; sourceTree = "<group>"; };
		2F7B87C82927FCCA008E889C /* CompletePartialLog.swift */ = {isa = PBXFileReference; lastKnownFileType = sourcecode.swift; path = CompletePartialLog.swift; sourceTree = "<group>"; };
		2F7B87CA2927FCCF008E889C /* ResetPartialLog.swift */ = {isa = PBXFileReference; lastKnownFileType = sourcecode.swift; path = ResetPartialLog.swift; sourceTree = "<group>"; };
		2F7B87CC2927FECC008E889C /* LogView.swift */ = {isa = PBXFileReference; lastKnownFileType = sourcecode.swift; path = LogView.swift; sourceTree = "<group>"; };
		2F7B87CE2927FF48008E889C /* OpenLog.swift */ = {isa = PBXFileReference; lastKnownFileType = sourcecode.swift; path = OpenLog.swift; sourceTree = "<group>"; };
		2F7B87D029280589008E889C /* AppShortcuts.swift */ = {isa = PBXFileReference; lastKnownFileType = sourcecode.swift; path = AppShortcuts.swift; sourceTree = "<group>"; };
		2F7B87D2292805C3008E889C /* StartFastingIntent.swift */ = {isa = PBXFileReference; lastKnownFileType = sourcecode.swift; path = StartFastingIntent.swift; sourceTree = "<group>"; };
		2F7B87D429280D84008E889C /* CompleteFastingIntent.swift */ = {isa = PBXFileReference; lastKnownFileType = sourcecode.swift; path = CompleteFastingIntent.swift; sourceTree = "<group>"; };
		2F7B87D629280D89008E889C /* ResetFastingIntent.swift */ = {isa = PBXFileReference; lastKnownFileType = sourcecode.swift; path = ResetFastingIntent.swift; sourceTree = "<group>"; };
		2FA949DB291BFE1400AF51FD /* SectionHeaderView.swift */ = {isa = PBXFileReference; lastKnownFileType = sourcecode.swift; path = SectionHeaderView.swift; sourceTree = "<group>"; };
		2FA949DD291C9FE800AF51FD /* GradientButtonView.swift */ = {isa = PBXFileReference; lastKnownFileType = sourcecode.swift; path = GradientButtonView.swift; sourceTree = "<group>"; };
/* End PBXFileReference section */

/* Begin PBXFrameworksBuildPhase section */
		2F1007C5291A00C8004CE72E /* Frameworks */ = {
			isa = PBXFrameworksBuildPhase;
			buildActionMask = 2147483647;
			files = (
			);
			runOnlyForDeploymentPostprocessing = 0;
		};
/* End PBXFrameworksBuildPhase section */

/* Begin PBXGroup section */
		2F1007BF291A00C8004CE72E = {
			isa = PBXGroup;
			children = (
				2F1007CA291A00C8004CE72E /* CortexOfFasting */,
				2F1007C9291A00C8004CE72E /* Products */,
			);
			sourceTree = "<group>";
		};
		2F1007C9291A00C8004CE72E /* Products */ = {
			isa = PBXGroup;
			children = (
				2F1007C8291A00C8004CE72E /* CortexOfFasting.app */,
			);
			name = Products;
			sourceTree = "<group>";
		};
		2F1007CA291A00C8004CE72E /* CortexOfFasting */ = {
			isa = PBXGroup;
			children = (
				2F1007CB291A00C8004CE72E /* CortexOfFastingApp.swift */,
				2F1007CD291A00C8004CE72E /* ContentView.swift */,
				2F7B8774291E4B74008E889C /* Constants.swift */,
				2F1007CF291A00C9004CE72E /* Assets.xcassets */,
				2F1007D1291A00C9004CE72E /* CortexOfFasting.entitlements */,
				2F7B87C02927BA9F008E889C /* Shortcuts */,
				2F1007E3291A02BD004CE72E /* Data */,
				2F1007F2291A044A004CE72E /* Extensions */,
				2F1007DC291A0239004CE72E /* UI */,
				2F1007D2291A00C9004CE72E /* Preview Content */,
			);
			path = CortexOfFasting;
			sourceTree = "<group>";
		};
		2F1007D2291A00C9004CE72E /* Preview Content */ = {
			isa = PBXGroup;
			children = (
				2F1007D3291A00C9004CE72E /* Preview Assets.xcassets */,
			);
			path = "Preview Content";
			sourceTree = "<group>";
		};
		2F1007DC291A0239004CE72E /* UI */ = {
			isa = PBXGroup;
			children = (
				2F100819291BF084004CE72E /* Tab.swift */,
				2F7B87A629256189008E889C /* DatePickerDisplayMode.swift */,
				2F7B87BC2926D001008E889C /* WeeklyFastingHoursGoal.swift */,
				2F1007FD291A0F8C004CE72E /* Active Week */,
				2F10080B291A3BC6004CE72E /* All Weeks */,
				2F7B8780291FBAAD008E889C /* Shared */,
				2F10080E291A3C41004CE72E /* Settings */,
				2F7B8781291FBAD1008E889C /* Onboarding */,
				2F10080F291A3D7F004CE72E /* Info */,
				2F100816291BD0D7004CE72E /* Components */,
			);
			path = UI;
			sourceTree = "<group>";
		};
		2F1007E3291A02BD004CE72E /* Data */ = {
			isa = PBXGroup;
			children = (
				2F1007E5291A02D0004CE72E /* CoreDataProvider.swift */,
				2F1007E7291A02D6004CE72E /* CoreDataProvider+Extensions.swift */,
				2F100803291A10CB004CE72E /* NSManagedObject+Extensions.swift */,
				2F1007E9291A02DC004CE72E /* Entities.xcdatamodeld */,
				2F1007E4291A02C4004CE72E /* Models */,
			);
			path = Data;
			sourceTree = "<group>";
		};
		2F1007E4291A02C4004CE72E /* Models */ = {
			isa = PBXGroup;
			children = (
				2F1007EC291A03A5004CE72E /* FastLog+CoreDataClass.swift */,
				2F1007F0291A03F2004CE72E /* FastLog+Extensions.swift */,
				2F1007FB291A06C9004CE72E /* FastLog+Preview.swift */,
			);
			path = Models;
			sourceTree = "<group>";
		};
		2F1007F2291A044A004CE72E /* Extensions */ = {
			isa = PBXGroup;
			children = (
				2F1007F5291A0464004CE72E /* Collection+Extensions.swift */,
				2F1007F3291A0451004CE72E /* Date+Extensions.swift */,
				2F100807291A1D50004CE72E /* DateFormatter+Extensions.swift */,
				2F7B877C291FAA5B008E889C /* Double+Extensions.swift */,
				2F1007F7291A047A004CE72E /* TimeInterval+Extensions.swift */,
				2F1007F9291A0484004CE72E /* URL+Extensions.swift */,
				2F10081B291BF760004CE72E /* View+Extensions.swift */,
				2F7B87942922B095008E889C /* UIApplication+Extensions.swift */,
			);
			path = Extensions;
			sourceTree = "<group>";
		};
		2F1007FD291A0F8C004CE72E /* Active Week */ = {
			isa = PBXGroup;
			children = (
				2F1007DD291A0244004CE72E /* ActiveWeekScreen.swift */,
				2F7B8772291E4AF0008E889C /* SwipeableLogView.swift */,
				2F7B877E291FAB99008E889C /* ActiveWeekLogListView.swift */,
				2F7B879E292527F2008E889C /* ActiveLogView.swift */,
				2F7B87A429255E72008E889C /* AddManualLogSheet.swift */,
			);
			path = "Active Week";
			sourceTree = "<group>";
		};
		2F10080B291A3BC6004CE72E /* All Weeks */ = {
			isa = PBXGroup;
			children = (
				2F1007DF291A0249004CE72E /* AllWeeksScreen.swift */,
				2F10080C291A3BCF004CE72E /* WeekDetailScreen.swift */,
			);
			path = "All Weeks";
			sourceTree = "<group>";
		};
		2F10080E291A3C41004CE72E /* Settings */ = {
			isa = PBXGroup;
			children = (
				2F1007E1291A024F004CE72E /* SettingsScreen.swift */,
				2F7B8776291E4BED008E889C /* AboutSheet.swift */,
				2F7B8778291E4BF3008E889C /* DeleteAllDataSheet.swift */,
			);
			path = Settings;
			sourceTree = "<group>";
		};
		2F10080F291A3D7F004CE72E /* Info */ = {
			isa = PBXGroup;
			children = (
			);
			path = Info;
			sourceTree = "<group>";
		};
		2F100816291BD0D7004CE72E /* Components */ = {
			isa = PBXGroup;
			children = (
				2F100817291BD0E2004CE72E /* ProgressMeterView.swift */,
				2FA949DB291BFE1400AF51FD /* SectionHeaderView.swift */,
				2FA949DD291C9FE800AF51FD /* GradientButtonView.swift */,
				2F7B8742291CC9B0008E889C /* CustomSwipeView.swift */,
				2F7B877A291E4C37008E889C /* CustomLinkView.swift */,
				2F7B87AA29259F1A008E889C /* CustomDatePicker.swift */,
			);
			path = Components;
			sourceTree = "<group>";
		};
		2F7B8780291FBAAD008E889C /* Shared */ = {
			isa = PBXGroup;
			children = (
				2F100814291B5468004CE72E /* LogListRowView.swift */,
				2F7B87A029253367008E889C /* LogListProgressMeterView.swift */,
			);
			path = Shared;
			sourceTree = "<group>";
		};
		2F7B8781291FBAD1008E889C /* Onboarding */ = {
			isa = PBXGroup;
			children = (
				2F7B87BE2926E4F0008E889C /* SetWeeklyGoalView.swift */,
			);
			path = Onboarding;
			sourceTree = "<group>";
		};
		2F7B87C02927BA9F008E889C /* Shortcuts */ = {
			isa = PBXGroup;
			children = (
				2F7B87C12927F7B7008E889C /* ShortcutsFastLogEntity.swift */,
				2F7B87C32927FAAC008E889C /* CustomErrors.swift */,
				2F7B87CC2927FECC008E889C /* LogView.swift */,
				2F7B87C52927FCB9008E889C /* Actions */,
				2F7B87D029280589008E889C /* AppShortcuts.swift */,
				2F7B87D2292805C3008E889C /* StartFastingIntent.swift */,
				2F7B87D429280D84008E889C /* CompleteFastingIntent.swift */,
				2F7B87D629280D89008E889C /* ResetFastingIntent.swift */,
			);
			path = Shortcuts;
			sourceTree = "<group>";
		};
		2F7B87C52927FCB9008E889C /* Actions */ = {
			isa = PBXGroup;
			children = (
				2F7B87C62927FCC3008E889C /* CreatePartialLog.swift */,
				2F7B87C82927FCCA008E889C /* CompletePartialLog.swift */,
				2F7B87CA2927FCCF008E889C /* ResetPartialLog.swift */,
				2F7B87CE2927FF48008E889C /* OpenLog.swift */,
			);
			path = Actions;
			sourceTree = "<group>";
		};
/* End PBXGroup section */

/* Begin PBXNativeTarget section */
		2F1007C7291A00C8004CE72E /* CortexOfFasting */ = {
			isa = PBXNativeTarget;
			buildConfigurationList = 2F1007D7291A00C9004CE72E /* Build configuration list for PBXNativeTarget "CortexOfFasting" */;
			buildPhases = (
				2F1007C4291A00C8004CE72E /* Sources */,
				2F1007C5291A00C8004CE72E /* Frameworks */,
				2F1007C6291A00C8004CE72E /* Resources */,
			);
			buildRules = (
			);
			dependencies = (
			);
			name = CortexOfFasting;
			productName = CortexOfFasting;
			productReference = 2F1007C8291A00C8004CE72E /* CortexOfFasting.app */;
			productType = "com.apple.product-type.application";
		};
/* End PBXNativeTarget section */

/* Begin PBXProject section */
		2F1007C0291A00C8004CE72E /* Project object */ = {
			isa = PBXProject;
			attributes = {
				BuildIndependentTargetsInParallel = 1;
				LastSwiftUpdateCheck = 1410;
				LastUpgradeCheck = 1410;
				TargetAttributes = {
					2F1007C7291A00C8004CE72E = {
						CreatedOnToolsVersion = 14.1;
					};
				};
			};
			buildConfigurationList = 2F1007C3291A00C8004CE72E /* Build configuration list for PBXProject "CortexOfFasting" */;
			compatibilityVersion = "Xcode 14.0";
			developmentRegion = en;
			hasScannedForEncodings = 0;
			knownRegions = (
				en,
				Base,
			);
			mainGroup = 2F1007BF291A00C8004CE72E;
			productRefGroup = 2F1007C9291A00C8004CE72E /* Products */;
			projectDirPath = "";
			projectRoot = "";
			targets = (
				2F1007C7291A00C8004CE72E /* CortexOfFasting */,
			);
		};
/* End PBXProject section */

/* Begin PBXResourcesBuildPhase section */
		2F1007C6291A00C8004CE72E /* Resources */ = {
			isa = PBXResourcesBuildPhase;
			buildActionMask = 2147483647;
			files = (
				2F1007D4291A00C9004CE72E /* Preview Assets.xcassets in Resources */,
				2F1007D0291A00C9004CE72E /* Assets.xcassets in Resources */,
			);
			runOnlyForDeploymentPostprocessing = 0;
		};
/* End PBXResourcesBuildPhase section */

/* Begin PBXSourcesBuildPhase section */
		2F1007C4291A00C8004CE72E /* Sources */ = {
			isa = PBXSourcesBuildPhase;
			buildActionMask = 2147483647;
			files = (
				2F7B87CB2927FCCF008E889C /* ResetPartialLog.swift in Sources */,
				2F1007CE291A00C8004CE72E /* ContentView.swift in Sources */,
				2F7B877F291FAB99008E889C /* ActiveWeekLogListView.swift in Sources */,
				2F7B87AB29259F1A008E889C /* CustomDatePicker.swift in Sources */,
				2F10081A291BF084004CE72E /* Tab.swift in Sources */,
				2F7B87D529280D84008E889C /* CompleteFastingIntent.swift in Sources */,
				2F100815291B5468004CE72E /* LogListRowView.swift in Sources */,
				2F7B87A529255E72008E889C /* AddManualLogSheet.swift in Sources */,
				2F7B87D729280D89008E889C /* ResetFastingIntent.swift in Sources */,
				2F7B8775291E4B74008E889C /* Constants.swift in Sources */,
				2F7B87C42927FAAC008E889C /* CustomErrors.swift in Sources */,
				2F1007FA291A0484004CE72E /* URL+Extensions.swift in Sources */,
				2F1007F4291A0451004CE72E /* Date+Extensions.swift in Sources */,
				2F7B877B291E4C37008E889C /* CustomLinkView.swift in Sources */,
				2F100804291A10CB004CE72E /* NSManagedObject+Extensions.swift in Sources */,
				2F7B87D129280589008E889C /* AppShortcuts.swift in Sources */,
				2F10080D291A3BCF004CE72E /* WeekDetailScreen.swift in Sources */,
				2F1007EE291A03A5004CE72E /* FastLog+CoreDataClass.swift in Sources */,
				2F7B87CD2927FECC008E889C /* LogView.swift in Sources */,
				2F7B87BF2926E4F0008E889C /* SetWeeklyGoalView.swift in Sources */,
				2F1007CC291A00C8004CE72E /* CortexOfFastingApp.swift in Sources */,
				2F7B879F292527F2008E889C /* ActiveLogView.swift in Sources */,
				2F7B87C22927F7B7008E889C /* ShortcutsFastLogEntity.swift in Sources */,
				2F7B8777291E4BED008E889C /* AboutSheet.swift in Sources */,
				2F7B87C72927FCC3008E889C /* CreatePartialLog.swift in Sources */,
				2F1007EB291A02DC004CE72E /* Entities.xcdatamodeld in Sources */,
				2F1007FC291A06C9004CE72E /* FastLog+Preview.swift in Sources */,
				2F7B87D3292805C3008E889C /* StartFastingIntent.swift in Sources */,
				2F10081C291BF760004CE72E /* View+Extensions.swift in Sources */,
				2FA949DC291BFE1400AF51FD /* SectionHeaderView.swift in Sources */,
				2F7B8779291E4BF3008E889C /* DeleteAllDataSheet.swift in Sources */,
				2F1007F6291A0464004CE72E /* Collection+Extensions.swift in Sources */,
				2F1007F1291A03F2004CE72E /* FastLog+Extensions.swift in Sources */,
				2F7B87C92927FCCA008E889C /* CompletePartialLog.swift in Sources */,
				2F7B87A729256189008E889C /* DatePickerDisplayMode.swift in Sources */,
				2F7B877D291FAA5B008E889C /* Double+Extensions.swift in Sources */,
				2F1007DE291A0244004CE72E /* ActiveWeekScreen.swift in Sources */,
				2F7B87A129253367008E889C /* LogListProgressMeterView.swift in Sources */,
				2F100818291BD0E2004CE72E /* ProgressMeterView.swift in Sources */,
				2F100808291A1D50004CE72E /* DateFormatter+Extensions.swift in Sources */,
				2F1007E2291A024F004CE72E /* SettingsScreen.swift in Sources */,
				2F7B8743291CC9B0008E889C /* CustomSwipeView.swift in Sources */,
				2FA949DE291C9FE800AF51FD /* GradientButtonView.swift in Sources */,
				2F7B87952922B095008E889C /* UIApplication+Extensions.swift in Sources */,
				2F1007F8291A047A004CE72E /* TimeInterval+Extensions.swift in Sources */,
				2F1007E0291A0249004CE72E /* AllWeeksScreen.swift in Sources */,
				2F7B8773291E4AF0008E889C /* SwipeableLogView.swift in Sources */,
				2F7B87BD2926D001008E889C /* WeeklyFastingHoursGoal.swift in Sources */,
				2F1007E8291A02D6004CE72E /* CoreDataProvider+Extensions.swift in Sources */,
				2F1007E6291A02D0004CE72E /* CoreDataProvider.swift in Sources */,
				2F7B87CF2927FF48008E889C /* OpenLog.swift in Sources */,
			);
			runOnlyForDeploymentPostprocessing = 0;
		};
/* End PBXSourcesBuildPhase section */

/* Begin XCBuildConfiguration section */
		2F1007D5291A00C9004CE72E /* Debug */ = {
			isa = XCBuildConfiguration;
			buildSettings = {
				ALWAYS_SEARCH_USER_PATHS = NO;
				CLANG_ANALYZER_NONNULL = YES;
				CLANG_ANALYZER_NUMBER_OBJECT_CONVERSION = YES_AGGRESSIVE;
				CLANG_CXX_LANGUAGE_STANDARD = "gnu++20";
				CLANG_ENABLE_MODULES = YES;
				CLANG_ENABLE_OBJC_ARC = YES;
				CLANG_ENABLE_OBJC_WEAK = YES;
				CLANG_WARN_BLOCK_CAPTURE_AUTORELEASING = YES;
				CLANG_WARN_BOOL_CONVERSION = YES;
				CLANG_WARN_COMMA = YES;
				CLANG_WARN_CONSTANT_CONVERSION = YES;
				CLANG_WARN_DEPRECATED_OBJC_IMPLEMENTATIONS = YES;
				CLANG_WARN_DIRECT_OBJC_ISA_USAGE = YES_ERROR;
				CLANG_WARN_DOCUMENTATION_COMMENTS = YES;
				CLANG_WARN_EMPTY_BODY = YES;
				CLANG_WARN_ENUM_CONVERSION = YES;
				CLANG_WARN_INFINITE_RECURSION = YES;
				CLANG_WARN_INT_CONVERSION = YES;
				CLANG_WARN_NON_LITERAL_NULL_CONVERSION = YES;
				CLANG_WARN_OBJC_IMPLICIT_RETAIN_SELF = YES;
				CLANG_WARN_OBJC_LITERAL_CONVERSION = YES;
				CLANG_WARN_OBJC_ROOT_CLASS = YES_ERROR;
				CLANG_WARN_QUOTED_INCLUDE_IN_FRAMEWORK_HEADER = YES;
				CLANG_WARN_RANGE_LOOP_ANALYSIS = YES;
				CLANG_WARN_STRICT_PROTOTYPES = YES;
				CLANG_WARN_SUSPICIOUS_MOVE = YES;
				CLANG_WARN_UNGUARDED_AVAILABILITY = YES_AGGRESSIVE;
				CLANG_WARN_UNREACHABLE_CODE = YES;
				CLANG_WARN__DUPLICATE_METHOD_MATCH = YES;
				COPY_PHASE_STRIP = NO;
				DEBUG_INFORMATION_FORMAT = dwarf;
				ENABLE_STRICT_OBJC_MSGSEND = YES;
				ENABLE_TESTABILITY = YES;
				GCC_C_LANGUAGE_STANDARD = gnu11;
				GCC_DYNAMIC_NO_PIC = NO;
				GCC_NO_COMMON_BLOCKS = YES;
				GCC_OPTIMIZATION_LEVEL = 0;
				GCC_PREPROCESSOR_DEFINITIONS = (
					"DEBUG=1",
					"$(inherited)",
				);
				GCC_WARN_64_TO_32_BIT_CONVERSION = YES;
				GCC_WARN_ABOUT_RETURN_TYPE = YES_ERROR;
				GCC_WARN_UNDECLARED_SELECTOR = YES;
				GCC_WARN_UNINITIALIZED_AUTOS = YES_AGGRESSIVE;
				GCC_WARN_UNUSED_FUNCTION = YES;
				GCC_WARN_UNUSED_VARIABLE = YES;
				MTL_ENABLE_DEBUG_INFO = INCLUDE_SOURCE;
				MTL_FAST_MATH = YES;
				ONLY_ACTIVE_ARCH = YES;
				SWIFT_ACTIVE_COMPILATION_CONDITIONS = DEBUG;
				SWIFT_OPTIMIZATION_LEVEL = "-Onone";
			};
			name = Debug;
		};
		2F1007D6291A00C9004CE72E /* Release */ = {
			isa = XCBuildConfiguration;
			buildSettings = {
				ALWAYS_SEARCH_USER_PATHS = NO;
				CLANG_ANALYZER_NONNULL = YES;
				CLANG_ANALYZER_NUMBER_OBJECT_CONVERSION = YES_AGGRESSIVE;
				CLANG_CXX_LANGUAGE_STANDARD = "gnu++20";
				CLANG_ENABLE_MODULES = YES;
				CLANG_ENABLE_OBJC_ARC = YES;
				CLANG_ENABLE_OBJC_WEAK = YES;
				CLANG_WARN_BLOCK_CAPTURE_AUTORELEASING = YES;
				CLANG_WARN_BOOL_CONVERSION = YES;
				CLANG_WARN_COMMA = YES;
				CLANG_WARN_CONSTANT_CONVERSION = YES;
				CLANG_WARN_DEPRECATED_OBJC_IMPLEMENTATIONS = YES;
				CLANG_WARN_DIRECT_OBJC_ISA_USAGE = YES_ERROR;
				CLANG_WARN_DOCUMENTATION_COMMENTS = YES;
				CLANG_WARN_EMPTY_BODY = YES;
				CLANG_WARN_ENUM_CONVERSION = YES;
				CLANG_WARN_INFINITE_RECURSION = YES;
				CLANG_WARN_INT_CONVERSION = YES;
				CLANG_WARN_NON_LITERAL_NULL_CONVERSION = YES;
				CLANG_WARN_OBJC_IMPLICIT_RETAIN_SELF = YES;
				CLANG_WARN_OBJC_LITERAL_CONVERSION = YES;
				CLANG_WARN_OBJC_ROOT_CLASS = YES_ERROR;
				CLANG_WARN_QUOTED_INCLUDE_IN_FRAMEWORK_HEADER = YES;
				CLANG_WARN_RANGE_LOOP_ANALYSIS = YES;
				CLANG_WARN_STRICT_PROTOTYPES = YES;
				CLANG_WARN_SUSPICIOUS_MOVE = YES;
				CLANG_WARN_UNGUARDED_AVAILABILITY = YES_AGGRESSIVE;
				CLANG_WARN_UNREACHABLE_CODE = YES;
				CLANG_WARN__DUPLICATE_METHOD_MATCH = YES;
				COPY_PHASE_STRIP = NO;
				DEBUG_INFORMATION_FORMAT = "dwarf-with-dsym";
				ENABLE_NS_ASSERTIONS = NO;
				ENABLE_STRICT_OBJC_MSGSEND = YES;
				GCC_C_LANGUAGE_STANDARD = gnu11;
				GCC_NO_COMMON_BLOCKS = YES;
				GCC_WARN_64_TO_32_BIT_CONVERSION = YES;
				GCC_WARN_ABOUT_RETURN_TYPE = YES_ERROR;
				GCC_WARN_UNDECLARED_SELECTOR = YES;
				GCC_WARN_UNINITIALIZED_AUTOS = YES_AGGRESSIVE;
				GCC_WARN_UNUSED_FUNCTION = YES;
				GCC_WARN_UNUSED_VARIABLE = YES;
				MTL_ENABLE_DEBUG_INFO = NO;
				MTL_FAST_MATH = YES;
				SWIFT_COMPILATION_MODE = wholemodule;
				SWIFT_OPTIMIZATION_LEVEL = "-O";
			};
			name = Release;
		};
		2F1007D8291A00C9004CE72E /* Debug */ = {
			isa = XCBuildConfiguration;
			buildSettings = {
				ASSETCATALOG_COMPILER_APPICON_NAME = AppIcon;
				ASSETCATALOG_COMPILER_GLOBAL_ACCENT_COLOR_NAME = AccentColor;
				CODE_SIGN_ENTITLEMENTS = CortexOfFasting/CortexOfFasting.entitlements;
				CODE_SIGN_STYLE = Automatic;
				CURRENT_PROJECT_VERSION = 1;
				DEVELOPMENT_ASSET_PATHS = "\"CortexOfFasting/Preview Content\"";
				DEVELOPMENT_TEAM = 4BP826FJGX;
				ENABLE_HARDENED_RUNTIME = YES;
				ENABLE_PREVIEWS = YES;
				GENERATE_INFOPLIST_FILE = YES;
				INFOPLIST_KEY_CFBundleDisplayName = FastTrack;
				INFOPLIST_KEY_LSApplicationCategoryType = "public.app-category.lifestyle";
				"INFOPLIST_KEY_UIApplicationSceneManifest_Generation[sdk=iphoneos*]" = YES;
				"INFOPLIST_KEY_UIApplicationSceneManifest_Generation[sdk=iphonesimulator*]" = YES;
				"INFOPLIST_KEY_UIApplicationSupportsIndirectInputEvents[sdk=iphoneos*]" = YES;
				"INFOPLIST_KEY_UIApplicationSupportsIndirectInputEvents[sdk=iphonesimulator*]" = YES;
				"INFOPLIST_KEY_UILaunchScreen_Generation[sdk=iphoneos*]" = YES;
				"INFOPLIST_KEY_UILaunchScreen_Generation[sdk=iphonesimulator*]" = YES;
				"INFOPLIST_KEY_UIStatusBarStyle[sdk=iphoneos*]" = UIStatusBarStyleDefault;
				"INFOPLIST_KEY_UIStatusBarStyle[sdk=iphonesimulator*]" = UIStatusBarStyleDefault;
				INFOPLIST_KEY_UISupportedInterfaceOrientations_iPad = "UIInterfaceOrientationPortrait UIInterfaceOrientationPortraitUpsideDown UIInterfaceOrientationLandscapeLeft UIInterfaceOrientationLandscapeRight";
				INFOPLIST_KEY_UISupportedInterfaceOrientations_iPhone = "UIInterfaceOrientationPortrait UIInterfaceOrientationLandscapeLeft UIInterfaceOrientationLandscapeRight";
				IPHONEOS_DEPLOYMENT_TARGET = 16.1;
				LD_RUNPATH_SEARCH_PATHS = "@executable_path/Frameworks";
				"LD_RUNPATH_SEARCH_PATHS[sdk=macosx*]" = "@executable_path/../Frameworks";
				MACOSX_DEPLOYMENT_TARGET = 13.0;
				MARKETING_VERSION = 1.0;
				PRODUCT_BUNDLE_IDENTIFIER = dev.neurothrone.CortexOfFasting;
				PRODUCT_NAME = "$(TARGET_NAME)";
				SDKROOT = auto;
				SUPPORTED_PLATFORMS = "iphoneos iphonesimulator macosx";
				SWIFT_EMIT_LOC_STRINGS = YES;
				SWIFT_VERSION = 5.0;
				TARGETED_DEVICE_FAMILY = "1,2";
			};
			name = Debug;
		};
		2F1007D9291A00C9004CE72E /* Release */ = {
			isa = XCBuildConfiguration;
			buildSettings = {
				ASSETCATALOG_COMPILER_APPICON_NAME = AppIcon;
				ASSETCATALOG_COMPILER_GLOBAL_ACCENT_COLOR_NAME = AccentColor;
				CODE_SIGN_ENTITLEMENTS = CortexOfFasting/CortexOfFasting.entitlements;
				CODE_SIGN_STYLE = Automatic;
				CURRENT_PROJECT_VERSION = 1;
				DEVELOPMENT_ASSET_PATHS = "\"CortexOfFasting/Preview Content\"";
				DEVELOPMENT_TEAM = 4BP826FJGX;
				ENABLE_HARDENED_RUNTIME = YES;
				ENABLE_PREVIEWS = YES;
				GENERATE_INFOPLIST_FILE = YES;
				INFOPLIST_KEY_CFBundleDisplayName = FastTrack;
				INFOPLIST_KEY_LSApplicationCategoryType = "public.app-category.lifestyle";
				"INFOPLIST_KEY_UIApplicationSceneManifest_Generation[sdk=iphoneos*]" = YES;
				"INFOPLIST_KEY_UIApplicationSceneManifest_Generation[sdk=iphonesimulator*]" = YES;
				"INFOPLIST_KEY_UIApplicationSupportsIndirectInputEvents[sdk=iphoneos*]" = YES;
				"INFOPLIST_KEY_UIApplicationSupportsIndirectInputEvents[sdk=iphonesimulator*]" = YES;
				"INFOPLIST_KEY_UILaunchScreen_Generation[sdk=iphoneos*]" = YES;
				"INFOPLIST_KEY_UILaunchScreen_Generation[sdk=iphonesimulator*]" = YES;
				"INFOPLIST_KEY_UIStatusBarStyle[sdk=iphoneos*]" = UIStatusBarStyleDefault;
				"INFOPLIST_KEY_UIStatusBarStyle[sdk=iphonesimulator*]" = UIStatusBarStyleDefault;
				INFOPLIST_KEY_UISupportedInterfaceOrientations_iPad = "UIInterfaceOrientationPortrait UIInterfaceOrientationPortraitUpsideDown UIInterfaceOrientationLandscapeLeft UIInterfaceOrientationLandscapeRight";
				INFOPLIST_KEY_UISupportedInterfaceOrientations_iPhone = "UIInterfaceOrientationPortrait UIInterfaceOrientationLandscapeLeft UIInterfaceOrientationLandscapeRight";
				IPHONEOS_DEPLOYMENT_TARGET = 16.1;
				LD_RUNPATH_SEARCH_PATHS = "@executable_path/Frameworks";
				"LD_RUNPATH_SEARCH_PATHS[sdk=macosx*]" = "@executable_path/../Frameworks";
				MACOSX_DEPLOYMENT_TARGET = 13.0;
				MARKETING_VERSION = 1.0;
				PRODUCT_BUNDLE_IDENTIFIER = dev.neurothrone.CortexOfFasting;
				PRODUCT_NAME = "$(TARGET_NAME)";
				SDKROOT = auto;
				SUPPORTED_PLATFORMS = "iphoneos iphonesimulator macosx";
				SWIFT_EMIT_LOC_STRINGS = YES;
				SWIFT_VERSION = 5.0;
				TARGETED_DEVICE_FAMILY = "1,2";
			};
			name = Release;
		};
/* End XCBuildConfiguration section */

/* Begin XCConfigurationList section */
		2F1007C3291A00C8004CE72E /* Build configuration list for PBXProject "CortexOfFasting" */ = {
			isa = XCConfigurationList;
			buildConfigurations = (
				2F1007D5291A00C9004CE72E /* Debug */,
				2F1007D6291A00C9004CE72E /* Release */,
			);
			defaultConfigurationIsVisible = 0;
			defaultConfigurationName = Release;
		};
		2F1007D7291A00C9004CE72E /* Build configuration list for PBXNativeTarget "CortexOfFasting" */ = {
			isa = XCConfigurationList;
			buildConfigurations = (
				2F1007D8291A00C9004CE72E /* Debug */,
				2F1007D9291A00C9004CE72E /* Release */,
			);
			defaultConfigurationIsVisible = 0;
			defaultConfigurationName = Release;
		};
/* End XCConfigurationList section */

/* Begin XCVersionGroup section */
		2F1007E9291A02DC004CE72E /* Entities.xcdatamodeld */ = {
			isa = XCVersionGroup;
			children = (
				2F1007EA291A02DC004CE72E /* Entities.xcdatamodel */,
			);
			currentVersion = 2F1007EA291A02DC004CE72E /* Entities.xcdatamodel */;
			path = Entities.xcdatamodeld;
			sourceTree = "<group>";
			versionGroupType = wrapper.xcdatamodel;
		};
/* End XCVersionGroup section */
	};
	rootObject = 2F1007C0291A00C8004CE72E /* Project object */;
}
