// !$*UTF8*$!
{
	archiveVersion = 1;
	classes = {
	};
	objectVersion = 56;
	objects = {

/* Begin PBXBuildFile section */
		2F1007CC291A00C8004CE72E /* CortexOfFastingApp.swift in Sources */ = {isa = PBXBuildFile; fileRef = 2F1007CB291A00C8004CE72E /* CortexOfFastingApp.swift */; };
		2F1007CE291A00C8004CE72E /* ContentView.swift in Sources */ = {isa = PBXBuildFile; fileRef = 2F1007CD291A00C8004CE72E /* ContentView.swift */; };
		2F1007D0291A00C9004CE72E /* Assets.xcassets in Resources */ = {isa = PBXBuildFile; fileRef = 2F1007CF291A00C9004CE72E /* Assets.xcassets */; };
		2F1007D4291A00C9004CE72E /* Preview Assets.xcassets in Resources */ = {isa = PBXBuildFile; fileRef = 2F1007D3291A00C9004CE72E /* Preview Assets.xcassets */; };
		2F1007DE291A0244004CE72E /* ActiveWeekScreen.swift in Sources */ = {isa = PBXBuildFile; fileRef = 2F1007DD291A0244004CE72E /* ActiveWeekScreen.swift */; };
		2F1007E0291A0249004CE72E /* AllWeeksScreen.swift in Sources */ = {isa = PBXBuildFile; fileRef = 2F1007DF291A0249004CE72E /* AllWeeksScreen.swift */; };
		2F1007E2291A024F004CE72E /* SettingsScreen.swift in Sources */ = {isa = PBXBuildFile; fileRef = 2F1007E1291A024F004CE72E /* SettingsScreen.swift */; };
		2F1007E6291A02D0004CE72E /* CoreDataProvider.swift in Sources */ = {isa = PBXBuildFile; fileRef = 2F1007E5291A02D0004CE72E /* CoreDataProvider.swift */; };
		2F1007E8291A02D6004CE72E /* CoreDataProvider+Extensions.swift in Sources */ = {isa = PBXBuildFile; fileRef = 2F1007E7291A02D6004CE72E /* CoreDataProvider+Extensions.swift */; };
		2F1007EB291A02DC004CE72E /* Entities.xcdatamodeld in Sources */ = {isa = PBXBuildFile; fileRef = 2F1007E9291A02DC004CE72E /* Entities.xcdatamodeld */; };
/* End PBXBuildFile section */

/* Begin PBXFileReference section */
		2F1007C8291A00C8004CE72E /* CortexOfFasting.app */ = {isa = PBXFileReference; explicitFileType = wrapper.application; includeInIndex = 0; path = CortexOfFasting.app; sourceTree = BUILT_PRODUCTS_DIR; };
		2F1007CB291A00C8004CE72E /* CortexOfFastingApp.swift */ = {isa = PBXFileReference; lastKnownFileType = sourcecode.swift; path = CortexOfFastingApp.swift; sourceTree = "<group>"; };
		2F1007CD291A00C8004CE72E /* ContentView.swift */ = {isa = PBXFileReference; lastKnownFileType = sourcecode.swift; path = ContentView.swift; sourceTree = "<group>"; };
		2F1007CF291A00C9004CE72E /* Assets.xcassets */ = {isa = PBXFileReference; lastKnownFileType = folder.assetcatalog; path = Assets.xcassets; sourceTree = "<group>"; };
		2F1007D1291A00C9004CE72E /* CortexOfFasting.entitlements */ = {isa = PBXFileReference; lastKnownFileType = text.plist.entitlements; path = CortexOfFasting.entitlements; sourceTree = "<group>"; };
		2F1007D3291A00C9004CE72E /* Preview Assets.xcassets */ = {isa = PBXFileReference; lastKnownFileType = folder.assetcatalog; path = "Preview Assets.xcassets"; sourceTree = "<group>"; };
		2F1007DD291A0244004CE72E /* ActiveWeekScreen.swift */ = {isa = PBXFileReference; lastKnownFileType = sourcecode.swift; path = ActiveWeekScreen.swift; sourceTree = "<group>"; };
		2F1007DF291A0249004CE72E /* AllWeeksScreen.swift */ = {isa = PBXFileReference; lastKnownFileType = sourcecode.swift; path = AllWeeksScreen.swift; sourceTree = "<group>"; };
		2F1007E1291A024F004CE72E /* SettingsScreen.swift */ = {isa = PBXFileReference; lastKnownFileType = sourcecode.swift; path = SettingsScreen.swift; sourceTree = "<group>"; };
		2F1007E5291A02D0004CE72E /* CoreDataProvider.swift */ = {isa = PBXFileReference; lastKnownFileType = sourcecode.swift; path = CoreDataProvider.swift; sourceTree = "<group>"; };
		2F1007E7291A02D6004CE72E /* CoreDataProvider+Extensions.swift */ = {isa = PBXFileReference; lastKnownFileType = sourcecode.swift; path = "CoreDataProvider+Extensions.swift"; sourceTree = "<group>"; };
		2F1007EA291A02DC004CE72E /* Entities.xcdatamodel */ = {isa = PBXFileReference; lastKnownFileType = wrapper.xcdatamodel; path = Entities.xcdatamodel; sourceTree = "<group>"; };
/* End PBXFileReference section */

/* Begin PBXFrameworksBuildPhase section */
		2F1007C5291A00C8004CE72E /* Frameworks */ = {
			isa = PBXFrameworksBuildPhase;
			buildActionMask = 2147483647;
			files = (
			);
			runOnlyForDeploymentPostprocessing = 0;
		};
/* End PBXFrameworksBuildPhase section */

/* Begin PBXGroup section */
		2F1007BF291A00C8004CE72E = {
			isa = PBXGroup;
			children = (
				2F1007CA291A00C8004CE72E /* CortexOfFasting */,
				2F1007C9291A00C8004CE72E /* Products */,
			);
			sourceTree = "<group>";
		};
		2F1007C9291A00C8004CE72E /* Products */ = {
			isa = PBXGroup;
			children = (
				2F1007C8291A00C8004CE72E /* CortexOfFasting.app */,
			);
			name = Products;
			sourceTree = "<group>";
		};
		2F1007CA291A00C8004CE72E /* CortexOfFasting */ = {
			isa = PBXGroup;
			children = (
				2F1007CB291A00C8004CE72E /* CortexOfFastingApp.swift */,
				2F1007CD291A00C8004CE72E /* ContentView.swift */,
				2F1007CF291A00C9004CE72E /* Assets.xcassets */,
				2F1007D1291A00C9004CE72E /* CortexOfFasting.entitlements */,
				2F1007E3291A02BD004CE72E /* Data */,
				2F1007DC291A0239004CE72E /* UI */,
				2F1007D2291A00C9004CE72E /* Preview Content */,
			);
			path = CortexOfFasting;
			sourceTree = "<group>";
		};
		2F1007D2291A00C9004CE72E /* Preview Content */ = {
			isa = PBXGroup;
			children = (
				2F1007D3291A00C9004CE72E /* Preview Assets.xcassets */,
			);
			path = "Preview Content";
			sourceTree = "<group>";
		};
		2F1007DC291A0239004CE72E /* UI */ = {
			isa = PBXGroup;
			children = (
				2F1007DD291A0244004CE72E /* ActiveWeekScreen.swift */,
				2F1007DF291A0249004CE72E /* AllWeeksScreen.swift */,
				2F1007E1291A024F004CE72E /* SettingsScreen.swift */,
			);
			path = UI;
			sourceTree = "<group>";
		};
		2F1007E3291A02BD004CE72E /* Data */ = {
			isa = PBXGroup;
			children = (
				2F1007E4291A02C4004CE72E /* Models */,
				2F1007E5291A02D0004CE72E /* CoreDataProvider.swift */,
				2F1007E7291A02D6004CE72E /* CoreDataProvider+Extensions.swift */,
				2F1007E9291A02DC004CE72E /* Entities.xcdatamodeld */,
			);
			path = Data;
			sourceTree = "<group>";
		};
		2F1007E4291A02C4004CE72E /* Models */ = {
			isa = PBXGroup;
			children = (
			);
			path = Models;
			sourceTree = "<group>";
		};
/* End PBXGroup section */

/* Begin PBXNativeTarget section */
		2F1007C7291A00C8004CE72E /* CortexOfFasting */ = {
			isa = PBXNativeTarget;
			buildConfigurationList = 2F1007D7291A00C9004CE72E /* Build configuration list for PBXNativeTarget "CortexOfFasting" */;
			buildPhases = (
				2F1007C4291A00C8004CE72E /* Sources */,
				2F1007C5291A00C8004CE72E /* Frameworks */,
				2F1007C6291A00C8004CE72E /* Resources */,
			);
			buildRules = (
			);
			dependencies = (
			);
			name = CortexOfFasting;
			productName = CortexOfFasting;
			productReference = 2F1007C8291A00C8004CE72E /* CortexOfFasting.app */;
			productType = "com.apple.product-type.application";
		};
/* End PBXNativeTarget section */

/* Begin PBXProject section */
		2F1007C0291A00C8004CE72E /* Project object */ = {
			isa = PBXProject;
			attributes = {
				BuildIndependentTargetsInParallel = 1;
				LastSwiftUpdateCheck = 1410;
				LastUpgradeCheck = 1410;
				TargetAttributes = {
					2F1007C7291A00C8004CE72E = {
						CreatedOnToolsVersion = 14.1;
					};
				};
			};
			buildConfigurationList = 2F1007C3291A00C8004CE72E /* Build configuration list for PBXProject "CortexOfFasting" */;
			compatibilityVersion = "Xcode 14.0";
			developmentRegion = en;
			hasScannedForEncodings = 0;
			knownRegions = (
				en,
				Base,
			);
			mainGroup = 2F1007BF291A00C8004CE72E;
			productRefGroup = 2F1007C9291A00C8004CE72E /* Products */;
			projectDirPath = "";
			projectRoot = "";
			targets = (
				2F1007C7291A00C8004CE72E /* CortexOfFasting */,
			);
		};
/* End PBXProject section */

/* Begin PBXResourcesBuildPhase section */
		2F1007C6291A00C8004CE72E /* Resources */ = {
			isa = PBXResourcesBuildPhase;
			buildActionMask = 2147483647;
			files = (
				2F1007D4291A00C9004CE72E /* Preview Assets.xcassets in Resources */,
				2F1007D0291A00C9004CE72E /* Assets.xcassets in Resources */,
			);
			runOnlyForDeploymentPostprocessing = 0;
		};
/* End PBXResourcesBuildPhase section */

/* Begin PBXSourcesBuildPhase section */
		2F1007C4291A00C8004CE72E /* Sources */ = {
			isa = PBXSourcesBuildPhase;
			buildActionMask = 2147483647;
			files = (
				2F1007CE291A00C8004CE72E /* ContentView.swift in Sources */,
				2F1007CC291A00C8004CE72E /* CortexOfFastingApp.swift in Sources */,
				2F1007EB291A02DC004CE72E /* Entities.xcdatamodeld in Sources */,
				2F1007DE291A0244004CE72E /* ActiveWeekScreen.swift in Sources */,
				2F1007E2291A024F004CE72E /* SettingsScreen.swift in Sources */,
				2F1007E0291A0249004CE72E /* AllWeeksScreen.swift in Sources */,
				2F1007E8291A02D6004CE72E /* CoreDataProvider+Extensions.swift in Sources */,
				2F1007E6291A02D0004CE72E /* CoreDataProvider.swift in Sources */,
			);
			runOnlyForDeploymentPostprocessing = 0;
		};
/* End PBXSourcesBuildPhase section */

/* Begin XCBuildConfiguration section */
		2F1007D5291A00C9004CE72E /* Debug */ = {
			isa = XCBuildConfiguration;
			buildSettings = {
				ALWAYS_SEARCH_USER_PATHS = NO;
				CLANG_ANALYZER_NONNULL = YES;
				CLANG_ANALYZER_NUMBER_OBJECT_CONVERSION = YES_AGGRESSIVE;
				CLANG_CXX_LANGUAGE_STANDARD = "gnu++20";
				CLANG_ENABLE_MODULES = YES;
				CLANG_ENABLE_OBJC_ARC = YES;
				CLANG_ENABLE_OBJC_WEAK = YES;
				CLANG_WARN_BLOCK_CAPTURE_AUTORELEASING = YES;
				CLANG_WARN_BOOL_CONVERSION = YES;
				CLANG_WARN_COMMA = YES;
				CLANG_WARN_CONSTANT_CONVERSION = YES;
				CLANG_WARN_DEPRECATED_OBJC_IMPLEMENTATIONS = YES;
				CLANG_WARN_DIRECT_OBJC_ISA_USAGE = YES_ERROR;
				CLANG_WARN_DOCUMENTATION_COMMENTS = YES;
				CLANG_WARN_EMPTY_BODY = YES;
				CLANG_WARN_ENUM_CONVERSION = YES;
				CLANG_WARN_INFINITE_RECURSION = YES;
				CLANG_WARN_INT_CONVERSION = YES;
				CLANG_WARN_NON_LITERAL_NULL_CONVERSION = YES;
				CLANG_WARN_OBJC_IMPLICIT_RETAIN_SELF = YES;
				CLANG_WARN_OBJC_LITERAL_CONVERSION = YES;
				CLANG_WARN_OBJC_ROOT_CLASS = YES_ERROR;
				CLANG_WARN_QUOTED_INCLUDE_IN_FRAMEWORK_HEADER = YES;
				CLANG_WARN_RANGE_LOOP_ANALYSIS = YES;
				CLANG_WARN_STRICT_PROTOTYPES = YES;
				CLANG_WARN_SUSPICIOUS_MOVE = YES;
				CLANG_WARN_UNGUARDED_AVAILABILITY = YES_AGGRESSIVE;
				CLANG_WARN_UNREACHABLE_CODE = YES;
				CLANG_WARN__DUPLICATE_METHOD_MATCH = YES;
				COPY_PHASE_STRIP = NO;
				DEBUG_INFORMATION_FORMAT = dwarf;
				ENABLE_STRICT_OBJC_MSGSEND = YES;
				ENABLE_TESTABILITY = YES;
				GCC_C_LANGUAGE_STANDARD = gnu11;
				GCC_DYNAMIC_NO_PIC = NO;
				GCC_NO_COMMON_BLOCKS = YES;
				GCC_OPTIMIZATION_LEVEL = 0;
				GCC_PREPROCESSOR_DEFINITIONS = (
					"DEBUG=1",
					"$(inherited)",
				);
				GCC_WARN_64_TO_32_BIT_CONVERSION = YES;
				GCC_WARN_ABOUT_RETURN_TYPE = YES_ERROR;
				GCC_WARN_UNDECLARED_SELECTOR = YES;
				GCC_WARN_UNINITIALIZED_AUTOS = YES_AGGRESSIVE;
				GCC_WARN_UNUSED_FUNCTION = YES;
				GCC_WARN_UNUSED_VARIABLE = YES;
				MTL_ENABLE_DEBUG_INFO = INCLUDE_SOURCE;
				MTL_FAST_MATH = YES;
				ONLY_ACTIVE_ARCH = YES;
				SWIFT_ACTIVE_COMPILATION_CONDITIONS = DEBUG;
				SWIFT_OPTIMIZATION_LEVEL = "-Onone";
			};
			name = Debug;
		};
		2F1007D6291A00C9004CE72E /* Release */ = {
			isa = XCBuildConfiguration;
			buildSettings = {
				ALWAYS_SEARCH_USER_PATHS = NO;
				CLANG_ANALYZER_NONNULL = YES;
				CLANG_ANALYZER_NUMBER_OBJECT_CONVERSION = YES_AGGRESSIVE;
				CLANG_CXX_LANGUAGE_STANDARD = "gnu++20";
				CLANG_ENABLE_MODULES = YES;
				CLANG_ENABLE_OBJC_ARC = YES;
				CLANG_ENABLE_OBJC_WEAK = YES;
				CLANG_WARN_BLOCK_CAPTURE_AUTORELEASING = YES;
				CLANG_WARN_BOOL_CONVERSION = YES;
				CLANG_WARN_COMMA = YES;
				CLANG_WARN_CONSTANT_CONVERSION = YES;
				CLANG_WARN_DEPRECATED_OBJC_IMPLEMENTATIONS = YES;
				CLANG_WARN_DIRECT_OBJC_ISA_USAGE = YES_ERROR;
				CLANG_WARN_DOCUMENTATION_COMMENTS = YES;
				CLANG_WARN_EMPTY_BODY = YES;
				CLANG_WARN_ENUM_CONVERSION = YES;
				CLANG_WARN_INFINITE_RECURSION = YES;
				CLANG_WARN_INT_CONVERSION = YES;
				CLANG_WARN_NON_LITERAL_NULL_CONVERSION = YES;
				CLANG_WARN_OBJC_IMPLICIT_RETAIN_SELF = YES;
				CLANG_WARN_OBJC_LITERAL_CONVERSION = YES;
				CLANG_WARN_OBJC_ROOT_CLASS = YES_ERROR;
				CLANG_WARN_QUOTED_INCLUDE_IN_FRAMEWORK_HEADER = YES;
				CLANG_WARN_RANGE_LOOP_ANALYSIS = YES;
				CLANG_WARN_STRICT_PROTOTYPES = YES;
				CLANG_WARN_SUSPICIOUS_MOVE = YES;
				CLANG_WARN_UNGUARDED_AVAILABILITY = YES_AGGRESSIVE;
				CLANG_WARN_UNREACHABLE_CODE = YES;
				CLANG_WARN__DUPLICATE_METHOD_MATCH = YES;
				COPY_PHASE_STRIP = NO;
				DEBUG_INFORMATION_FORMAT = "dwarf-with-dsym";
				ENABLE_NS_ASSERTIONS = NO;
				ENABLE_STRICT_OBJC_MSGSEND = YES;
				GCC_C_LANGUAGE_STANDARD = gnu11;
				GCC_NO_COMMON_BLOCKS = YES;
				GCC_WARN_64_TO_32_BIT_CONVERSION = YES;
				GCC_WARN_ABOUT_RETURN_TYPE = YES_ERROR;
				GCC_WARN_UNDECLARED_SELECTOR = YES;
				GCC_WARN_UNINITIALIZED_AUTOS = YES_AGGRESSIVE;
				GCC_WARN_UNUSED_FUNCTION = YES;
				GCC_WARN_UNUSED_VARIABLE = YES;
				MTL_ENABLE_DEBUG_INFO = NO;
				MTL_FAST_MATH = YES;
				SWIFT_COMPILATION_MODE = wholemodule;
				SWIFT_OPTIMIZATION_LEVEL = "-O";
			};
			name = Release;
		};
		2F1007D8291A00C9004CE72E /* Debug */ = {
			isa = XCBuildConfiguration;
			buildSettings = {
				ASSETCATALOG_COMPILER_APPICON_NAME = AppIcon;
				ASSETCATALOG_COMPILER_GLOBAL_ACCENT_COLOR_NAME = AccentColor;
				CODE_SIGN_ENTITLEMENTS = CortexOfFasting/CortexOfFasting.entitlements;
				CODE_SIGN_STYLE = Automatic;
				CURRENT_PROJECT_VERSION = 1;
				DEVELOPMENT_ASSET_PATHS = "\"CortexOfFasting/Preview Content\"";
				DEVELOPMENT_TEAM = 4BP826FJGX;
				ENABLE_HARDENED_RUNTIME = YES;
				ENABLE_PREVIEWS = YES;
				GENERATE_INFOPLIST_FILE = YES;
				"INFOPLIST_KEY_UIApplicationSceneManifest_Generation[sdk=iphoneos*]" = YES;
				"INFOPLIST_KEY_UIApplicationSceneManifest_Generation[sdk=iphonesimulator*]" = YES;
				"INFOPLIST_KEY_UIApplicationSupportsIndirectInputEvents[sdk=iphoneos*]" = YES;
				"INFOPLIST_KEY_UIApplicationSupportsIndirectInputEvents[sdk=iphonesimulator*]" = YES;
				"INFOPLIST_KEY_UILaunchScreen_Generation[sdk=iphoneos*]" = YES;
				"INFOPLIST_KEY_UILaunchScreen_Generation[sdk=iphonesimulator*]" = YES;
				"INFOPLIST_KEY_UIStatusBarStyle[sdk=iphoneos*]" = UIStatusBarStyleDefault;
				"INFOPLIST_KEY_UIStatusBarStyle[sdk=iphonesimulator*]" = UIStatusBarStyleDefault;
				INFOPLIST_KEY_UISupportedInterfaceOrientations_iPad = "UIInterfaceOrientationPortrait UIInterfaceOrientationPortraitUpsideDown UIInterfaceOrientationLandscapeLeft UIInterfaceOrientationLandscapeRight";
				INFOPLIST_KEY_UISupportedInterfaceOrientations_iPhone = "UIInterfaceOrientationPortrait UIInterfaceOrientationLandscapeLeft UIInterfaceOrientationLandscapeRight";
				IPHONEOS_DEPLOYMENT_TARGET = 16.1;
				LD_RUNPATH_SEARCH_PATHS = "@executable_path/Frameworks";
				"LD_RUNPATH_SEARCH_PATHS[sdk=macosx*]" = "@executable_path/../Frameworks";
				MACOSX_DEPLOYMENT_TARGET = 13.0;
				MARKETING_VERSION = 1.0;
				PRODUCT_BUNDLE_IDENTIFIER = dev.neurothrone.CortexOfFasting;
				PRODUCT_NAME = "$(TARGET_NAME)";
				SDKROOT = auto;
				SUPPORTED_PLATFORMS = "iphoneos iphonesimulator macosx";
				SWIFT_EMIT_LOC_STRINGS = YES;
				SWIFT_VERSION = 5.0;
				TARGETED_DEVICE_FAMILY = "1,2";
			};
			name = Debug;
		};
		2F1007D9291A00C9004CE72E /* Release */ = {
			isa = XCBuildConfiguration;
			buildSettings = {
				ASSETCATALOG_COMPILER_APPICON_NAME = AppIcon;
				ASSETCATALOG_COMPILER_GLOBAL_ACCENT_COLOR_NAME = AccentColor;
				CODE_SIGN_ENTITLEMENTS = CortexOfFasting/CortexOfFasting.entitlements;
				CODE_SIGN_STYLE = Automatic;
				CURRENT_PROJECT_VERSION = 1;
				DEVELOPMENT_ASSET_PATHS = "\"CortexOfFasting/Preview Content\"";
				DEVELOPMENT_TEAM = 4BP826FJGX;
				ENABLE_HARDENED_RUNTIME = YES;
				ENABLE_PREVIEWS = YES;
				GENERATE_INFOPLIST_FILE = YES;
				"INFOPLIST_KEY_UIApplicationSceneManifest_Generation[sdk=iphoneos*]" = YES;
				"INFOPLIST_KEY_UIApplicationSceneManifest_Generation[sdk=iphonesimulator*]" = YES;
				"INFOPLIST_KEY_UIApplicationSupportsIndirectInputEvents[sdk=iphoneos*]" = YES;
				"INFOPLIST_KEY_UIApplicationSupportsIndirectInputEvents[sdk=iphonesimulator*]" = YES;
				"INFOPLIST_KEY_UILaunchScreen_Generation[sdk=iphoneos*]" = YES;
				"INFOPLIST_KEY_UILaunchScreen_Generation[sdk=iphonesimulator*]" = YES;
				"INFOPLIST_KEY_UIStatusBarStyle[sdk=iphoneos*]" = UIStatusBarStyleDefault;
				"INFOPLIST_KEY_UIStatusBarStyle[sdk=iphonesimulator*]" = UIStatusBarStyleDefault;
				INFOPLIST_KEY_UISupportedInterfaceOrientations_iPad = "UIInterfaceOrientationPortrait UIInterfaceOrientationPortraitUpsideDown UIInterfaceOrientationLandscapeLeft UIInterfaceOrientationLandscapeRight";
				INFOPLIST_KEY_UISupportedInterfaceOrientations_iPhone = "UIInterfaceOrientationPortrait UIInterfaceOrientationLandscapeLeft UIInterfaceOrientationLandscapeRight";
				IPHONEOS_DEPLOYMENT_TARGET = 16.1;
				LD_RUNPATH_SEARCH_PATHS = "@executable_path/Frameworks";
				"LD_RUNPATH_SEARCH_PATHS[sdk=macosx*]" = "@executable_path/../Frameworks";
				MACOSX_DEPLOYMENT_TARGET = 13.0;
				MARKETING_VERSION = 1.0;
				PRODUCT_BUNDLE_IDENTIFIER = dev.neurothrone.CortexOfFasting;
				PRODUCT_NAME = "$(TARGET_NAME)";
				SDKROOT = auto;
				SUPPORTED_PLATFORMS = "iphoneos iphonesimulator macosx";
				SWIFT_EMIT_LOC_STRINGS = YES;
				SWIFT_VERSION = 5.0;
				TARGETED_DEVICE_FAMILY = "1,2";
			};
			name = Release;
		};
/* End XCBuildConfiguration section */

/* Begin XCConfigurationList section */
		2F1007C3291A00C8004CE72E /* Build configuration list for PBXProject "CortexOfFasting" */ = {
			isa = XCConfigurationList;
			buildConfigurations = (
				2F1007D5291A00C9004CE72E /* Debug */,
				2F1007D6291A00C9004CE72E /* Release */,
			);
			defaultConfigurationIsVisible = 0;
			defaultConfigurationName = Release;
		};
		2F1007D7291A00C9004CE72E /* Build configuration list for PBXNativeTarget "CortexOfFasting" */ = {
			isa = XCConfigurationList;
			buildConfigurations = (
				2F1007D8291A00C9004CE72E /* Debug */,
				2F1007D9291A00C9004CE72E /* Release */,
			);
			defaultConfigurationIsVisible = 0;
			defaultConfigurationName = Release;
		};
/* End XCConfigurationList section */

/* Begin XCVersionGroup section */
		2F1007E9291A02DC004CE72E /* Entities.xcdatamodeld */ = {
			isa = XCVersionGroup;
			children = (
				2F1007EA291A02DC004CE72E /* Entities.xcdatamodel */,
			);
			currentVersion = 2F1007EA291A02DC004CE72E /* Entities.xcdatamodel */;
			path = Entities.xcdatamodeld;
			sourceTree = "<group>";
			versionGroupType = wrapper.xcdatamodel;
		};
/* End XCVersionGroup section */
	};
	rootObject = 2F1007C0291A00C8004CE72E /* Project object */;
}
